// !$*UTF8*$!
{
	archiveVersion = 1;
	classes = {
	};
	objectVersion = 56;
	objects = {

/* Begin PBXBuildFile section */
		639039872A13A496004576FF /* ContentListView.swift in Sources */ = {isa = PBXBuildFile; fileRef = 639039862A13A496004576FF /* ContentListView.swift */; };
		8F6D944E2AE98ED800AF0D15 /* Versioning.xcconfig in Resources */ = {isa = PBXBuildFile; fileRef = 8F6D944D2AE98ED800AF0D15 /* Versioning.xcconfig */; };
		8F6D944F2AE98ED800AF0D15 /* Versioning.xcconfig in Resources */ = {isa = PBXBuildFile; fileRef = 8F6D944D2AE98ED800AF0D15 /* Versioning.xcconfig */; };
		F905151B29F03B0700F9B66D /* PlaybookShowcaseApp.swift in Sources */ = {isa = PBXBuildFile; fileRef = F905151A29F03B0700F9B66D /* PlaybookShowcaseApp.swift */; };
		F905151F29F03B0700F9B66D /* Assets.xcassets in Resources */ = {isa = PBXBuildFile; fileRef = F905151E29F03B0700F9B66D /* Assets.xcassets */; };
		F905152229F03B0700F9B66D /* Preview Assets.xcassets in Resources */ = {isa = PBXBuildFile; fileRef = F905152129F03B0700F9B66D /* Preview Assets.xcassets */; };
		F905157229F03B7600F9B66D /* Playbook in Frameworks */ = {isa = PBXBuildFile; productRef = F905157129F03B7600F9B66D /* Playbook */; };
		F906E3972D498435003749FB /* Layout.swift in Sources */ = {isa = PBXBuildFile; fileRef = F906E3962D49842E003749FB /* Layout.swift */; };
		F906E3982D498435003749FB /* Layout.swift in Sources */ = {isa = PBXBuildFile; fileRef = F906E3962D49842E003749FB /* Layout.swift */; };
		F943570829F070960051C650 /* PlaybookShowcaseApp.swift in Sources */ = {isa = PBXBuildFile; fileRef = F905151A29F03B0700F9B66D /* PlaybookShowcaseApp.swift */; };
		F943570929F070E90051C650 /* Assets.xcassets in Resources */ = {isa = PBXBuildFile; fileRef = F905151E29F03B0700F9B66D /* Assets.xcassets */; };
		F943570A29F070F10051C650 /* Preview Assets.xcassets in Resources */ = {isa = PBXBuildFile; fileRef = F905152129F03B0700F9B66D /* Preview Assets.xcassets */; };
		F99BAA1E2A17F79000006C1C /* Playbook in Frameworks */ = {isa = PBXBuildFile; productRef = F99BAA1D2A17F79000006C1C /* Playbook */; };
		F9E5A68A2AA7D02C00830A0C /* ContentListView.swift in Sources */ = {isa = PBXBuildFile; fileRef = 639039862A13A496004576FF /* ContentListView.swift */; };
/* End PBXBuildFile section */

/* Begin PBXFileReference section */
		639039862A13A496004576FF /* ContentListView.swift */ = {isa = PBXFileReference; fileEncoding = 4; lastKnownFileType = sourcecode.swift; path = ContentListView.swift; sourceTree = "<group>"; };
		8F6D944D2AE98ED800AF0D15 /* Versioning.xcconfig */ = {isa = PBXFileReference; lastKnownFileType = text.xcconfig; path = Versioning.xcconfig; sourceTree = "<group>"; };
		F905151829F03B0700F9B66D /* PlaybookShowcase-iOS.app */ = {isa = PBXFileReference; explicitFileType = wrapper.application; includeInIndex = 0; path = "PlaybookShowcase-iOS.app"; sourceTree = BUILT_PRODUCTS_DIR; };
		F905151A29F03B0700F9B66D /* PlaybookShowcaseApp.swift */ = {isa = PBXFileReference; lastKnownFileType = sourcecode.swift; path = PlaybookShowcaseApp.swift; sourceTree = "<group>"; };
		F905151E29F03B0700F9B66D /* Assets.xcassets */ = {isa = PBXFileReference; lastKnownFileType = folder.assetcatalog; path = Assets.xcassets; sourceTree = "<group>"; };
		F905152129F03B0700F9B66D /* Preview Assets.xcassets */ = {isa = PBXFileReference; lastKnownFileType = folder.assetcatalog; path = "Preview Assets.xcassets"; sourceTree = "<group>"; };
		F905154629F03B3C00F9B66D /* PlaybookShowcase-macOS.app */ = {isa = PBXFileReference; explicitFileType = wrapper.application; includeInIndex = 0; path = "PlaybookShowcase-macOS.app"; sourceTree = BUILT_PRODUCTS_DIR; };
		F905155129F03B3C00F9B66D /* PlaybookShowcase_macOS.entitlements */ = {isa = PBXFileReference; lastKnownFileType = text.plist.entitlements; path = PlaybookShowcase_macOS.entitlements; sourceTree = "<group>"; };
		F906E3962D49842E003749FB /* Layout.swift */ = {isa = PBXFileReference; lastKnownFileType = sourcecode.swift; path = Layout.swift; sourceTree = "<group>"; };
		F937100229EDCC3700FFD0DF /* PlaybookSwift */ = {isa = PBXFileReference; lastKnownFileType = wrapper; name = PlaybookSwift; path = ..; sourceTree = "<group>"; };
		F95597BE2ABCDC32009DA44D /* Info.plist */ = {isa = PBXFileReference; lastKnownFileType = text.plist.xml; path = Info.plist; sourceTree = "<group>"; };
/* End PBXFileReference section */

/* Begin PBXFrameworksBuildPhase section */
		F905151529F03B0700F9B66D /* Frameworks */ = {
			isa = PBXFrameworksBuildPhase;
			buildActionMask = 2147483647;
			files = (
				F905157229F03B7600F9B66D /* Playbook in Frameworks */,
			);
			runOnlyForDeploymentPostprocessing = 0;
		};
		F905154329F03B3C00F9B66D /* Frameworks */ = {
			isa = PBXFrameworksBuildPhase;
			buildActionMask = 2147483647;
			files = (
				F99BAA1E2A17F79000006C1C /* Playbook in Frameworks */,
			);
			runOnlyForDeploymentPostprocessing = 0;
		};
/* End PBXFrameworksBuildPhase section */

/* Begin PBXGroup section */
		F905151929F03B0700F9B66D /* PlaybookShowcase */ = {
			isa = PBXGroup;
			children = (
				F906E3962D49842E003749FB /* Layout.swift */,
				F905151A29F03B0700F9B66D /* PlaybookShowcaseApp.swift */,
				639039862A13A496004576FF /* ContentListView.swift */,
				F905151E29F03B0700F9B66D /* Assets.xcassets */,
				F905152029F03B0700F9B66D /* Preview Content */,
				F95597BE2ABCDC32009DA44D /* Info.plist */,
			);
			path = PlaybookShowcase;
			sourceTree = "<group>";
		};
		F905152029F03B0700F9B66D /* Preview Content */ = {
			isa = PBXGroup;
			children = (
				F905152129F03B0700F9B66D /* Preview Assets.xcassets */,
			);
			path = "Preview Content";
			sourceTree = "<group>";
		};
		F905154729F03B3C00F9B66D /* PlaybookShowcase-macOS */ = {
			isa = PBXGroup;
			children = (
				F905155129F03B3C00F9B66D /* PlaybookShowcase_macOS.entitlements */,
			);
			path = "PlaybookShowcase-macOS";
			sourceTree = "<group>";
		};
		F9370FC929EDCC0100FFD0DF = {
			isa = PBXGroup;
			children = (
				8F6D944D2AE98ED800AF0D15 /* Versioning.xcconfig */,
				F937100029EDCC1900FFD0DF /* Packages */,
				F905151929F03B0700F9B66D /* PlaybookShowcase */,
				F905154729F03B3C00F9B66D /* PlaybookShowcase-macOS */,
				F9370FD329EDCC0100FFD0DF /* Products */,
				F9DC74EE29EDCC91002D5393 /* Frameworks */,
			);
			sourceTree = "<group>";
		};
		F9370FD329EDCC0100FFD0DF /* Products */ = {
			isa = PBXGroup;
			children = (
				F905151829F03B0700F9B66D /* PlaybookShowcase-iOS.app */,
				F905154629F03B3C00F9B66D /* PlaybookShowcase-macOS.app */,
			);
			name = Products;
			sourceTree = "<group>";
		};
		F937100029EDCC1900FFD0DF /* Packages */ = {
			isa = PBXGroup;
			children = (
				F937100229EDCC3700FFD0DF /* PlaybookSwift */,
			);
			name = Packages;
			sourceTree = "<group>";
		};
		F9DC74EE29EDCC91002D5393 /* Frameworks */ = {
			isa = PBXGroup;
			children = (
			);
			name = Frameworks;
			sourceTree = "<group>";
		};
/* End PBXGroup section */

/* Begin PBXNativeTarget section */
		F905151729F03B0700F9B66D /* PlaybookShowcase-iOS */ = {
			isa = PBXNativeTarget;
			buildConfigurationList = F905153F29F03B0800F9B66D /* Build configuration list for PBXNativeTarget "PlaybookShowcase-iOS" */;
			buildPhases = (
				F905151429F03B0700F9B66D /* Sources */,
				F905151529F03B0700F9B66D /* Frameworks */,
				F905151629F03B0700F9B66D /* Resources */,
				F943570629F05E8C0051C650 /* ShellScript */,
			);
			buildRules = (
			);
			dependencies = (
				F94356FB29F0474D0051C650 /* PBXTargetDependency */,
			);
			name = "PlaybookShowcase-iOS";
			packageProductDependencies = (
				F905157129F03B7600F9B66D /* Playbook */,
			);
			productName = "PlaybookShowcase-iOS";
			productReference = F905151829F03B0700F9B66D /* PlaybookShowcase-iOS.app */;
			productType = "com.apple.product-type.application";
		};
		F905154529F03B3C00F9B66D /* PlaybookShowcase-macOS */ = {
			isa = PBXNativeTarget;
			buildConfigurationList = F905156829F03B3D00F9B66D /* Build configuration list for PBXNativeTarget "PlaybookShowcase-macOS" */;
			buildPhases = (
				F905154229F03B3C00F9B66D /* Sources */,
				F905154329F03B3C00F9B66D /* Frameworks */,
				F905154429F03B3C00F9B66D /* Resources */,
			);
			buildRules = (
			);
			dependencies = (
			);
			name = "PlaybookShowcase-macOS";
			packageProductDependencies = (
				F99BAA1D2A17F79000006C1C /* Playbook */,
			);
			productName = "PlaybookShowcase-macOS";
			productReference = F905154629F03B3C00F9B66D /* PlaybookShowcase-macOS.app */;
			productType = "com.apple.product-type.application";
		};
/* End PBXNativeTarget section */

/* Begin PBXProject section */
		F9370FCA29EDCC0100FFD0DF /* Project object */ = {
			isa = PBXProject;
			attributes = {
				BuildIndependentTargetsInParallel = 1;
				LastSwiftUpdateCheck = 1430;
				LastUpgradeCheck = 1430;
				TargetAttributes = {
					F905151729F03B0700F9B66D = {
						CreatedOnToolsVersion = 14.3;
					};
					F905154529F03B3C00F9B66D = {
						CreatedOnToolsVersion = 14.3;
					};
				};
			};
			buildConfigurationList = F9370FCD29EDCC0100FFD0DF /* Build configuration list for PBXProject "PlaybookShowcase" */;
			compatibilityVersion = "Xcode 14.0";
			developmentRegion = en;
			hasScannedForEncodings = 0;
			knownRegions = (
				en,
				Base,
			);
			mainGroup = F9370FC929EDCC0100FFD0DF;
			packageReferences = (
			);
			productRefGroup = F9370FD329EDCC0100FFD0DF /* Products */;
			projectDirPath = "";
			projectRoot = "";
			targets = (
				F905151729F03B0700F9B66D /* PlaybookShowcase-iOS */,
				F905154529F03B3C00F9B66D /* PlaybookShowcase-macOS */,
			);
		};
/* End PBXProject section */

/* Begin PBXResourcesBuildPhase section */
		F905151629F03B0700F9B66D /* Resources */ = {
			isa = PBXResourcesBuildPhase;
			buildActionMask = 2147483647;
			files = (
				8F6D944E2AE98ED800AF0D15 /* Versioning.xcconfig in Resources */,
				F905152229F03B0700F9B66D /* Preview Assets.xcassets in Resources */,
				F905151F29F03B0700F9B66D /* Assets.xcassets in Resources */,
			);
			runOnlyForDeploymentPostprocessing = 0;
		};
		F905154429F03B3C00F9B66D /* Resources */ = {
			isa = PBXResourcesBuildPhase;
			buildActionMask = 2147483647;
			files = (
				8F6D944F2AE98ED800AF0D15 /* Versioning.xcconfig in Resources */,
				F943570A29F070F10051C650 /* Preview Assets.xcassets in Resources */,
				F943570929F070E90051C650 /* Assets.xcassets in Resources */,
			);
			runOnlyForDeploymentPostprocessing = 0;
		};
/* End PBXResourcesBuildPhase section */

/* Begin PBXShellScriptBuildPhase section */
		F943570629F05E8C0051C650 /* ShellScript */ = {
			isa = PBXShellScriptBuildPhase;
			alwaysOutOfDate = 1;
			buildActionMask = 12;
			files = (
			);
			inputFileListPaths = (
			);
			inputPaths = (
			);
			outputFileListPaths = (
			);
			outputPaths = (
			);
			runOnlyForDeploymentPostprocessing = 0;
			shellPath = /bin/sh;
			shellScript = "if [[ \"$(uname -m)\" == arm64 ]]; then\n    export PATH=\"/opt/homebrew/bin:$PATH\"\nfi\n\nif which swiftlint > /dev/null; then\n  swiftlint\nelse\n  echo \"warning: SwiftLint not installed, download from https://github.com/realm/SwiftLint\"\nfi\n";
		};
/* End PBXShellScriptBuildPhase section */

/* Begin PBXSourcesBuildPhase section */
		F905151429F03B0700F9B66D /* Sources */ = {
			isa = PBXSourcesBuildPhase;
			buildActionMask = 2147483647;
			files = (
				F905151B29F03B0700F9B66D /* PlaybookShowcaseApp.swift in Sources */,
				639039872A13A496004576FF /* ContentListView.swift in Sources */,
				F906E3982D498435003749FB /* Layout.swift in Sources */,
			);
			runOnlyForDeploymentPostprocessing = 0;
		};
		F905154229F03B3C00F9B66D /* Sources */ = {
			isa = PBXSourcesBuildPhase;
			buildActionMask = 2147483647;
			files = (
				F9E5A68A2AA7D02C00830A0C /* ContentListView.swift in Sources */,
				F943570829F070960051C650 /* PlaybookShowcaseApp.swift in Sources */,
				F906E3972D498435003749FB /* Layout.swift in Sources */,
			);
			runOnlyForDeploymentPostprocessing = 0;
		};
/* End PBXSourcesBuildPhase section */

/* Begin PBXTargetDependency section */
		F94356FB29F0474D0051C650 /* PBXTargetDependency */ = {
			isa = PBXTargetDependency;
			productRef = F94356FA29F0474D0051C650 /* SwiftLintPlugin */;
		};
/* End PBXTargetDependency section */

/* Begin XCBuildConfiguration section */
		B5E69AF82D591F8A00F35C92 /* Beta */ = {
			isa = XCBuildConfiguration;
			buildSettings = {
				ALWAYS_SEARCH_USER_PATHS = NO;
				CLANG_ANALYZER_NONNULL = YES;
				CLANG_ANALYZER_NUMBER_OBJECT_CONVERSION = YES_AGGRESSIVE;
				CLANG_CXX_LANGUAGE_STANDARD = "gnu++20";
				CLANG_ENABLE_MODULES = YES;
				CLANG_ENABLE_OBJC_ARC = YES;
				CLANG_ENABLE_OBJC_WEAK = YES;
				CLANG_WARN_BLOCK_CAPTURE_AUTORELEASING = YES;
				CLANG_WARN_BOOL_CONVERSION = YES;
				CLANG_WARN_COMMA = YES;
				CLANG_WARN_CONSTANT_CONVERSION = YES;
				CLANG_WARN_DEPRECATED_OBJC_IMPLEMENTATIONS = YES;
				CLANG_WARN_DIRECT_OBJC_ISA_USAGE = YES_ERROR;
				CLANG_WARN_DOCUMENTATION_COMMENTS = YES;
				CLANG_WARN_EMPTY_BODY = YES;
				CLANG_WARN_ENUM_CONVERSION = YES;
				CLANG_WARN_INFINITE_RECURSION = YES;
				CLANG_WARN_INT_CONVERSION = YES;
				CLANG_WARN_NON_LITERAL_NULL_CONVERSION = YES;
				CLANG_WARN_OBJC_IMPLICIT_RETAIN_SELF = YES;
				CLANG_WARN_OBJC_LITERAL_CONVERSION = YES;
				CLANG_WARN_OBJC_ROOT_CLASS = YES_ERROR;
				CLANG_WARN_QUOTED_INCLUDE_IN_FRAMEWORK_HEADER = YES;
				CLANG_WARN_RANGE_LOOP_ANALYSIS = YES;
				CLANG_WARN_STRICT_PROTOTYPES = YES;
				CLANG_WARN_SUSPICIOUS_MOVE = YES;
				CLANG_WARN_UNGUARDED_AVAILABILITY = YES_AGGRESSIVE;
				CLANG_WARN_UNREACHABLE_CODE = YES;
				CLANG_WARN__DUPLICATE_METHOD_MATCH = YES;
				COPY_PHASE_STRIP = NO;
				DEBUG_INFORMATION_FORMAT = "dwarf-with-dsym";
				ENABLE_NS_ASSERTIONS = NO;
				ENABLE_STRICT_OBJC_MSGSEND = YES;
				GCC_C_LANGUAGE_STANDARD = gnu11;
				GCC_NO_COMMON_BLOCKS = YES;
				GCC_WARN_64_TO_32_BIT_CONVERSION = YES;
				GCC_WARN_ABOUT_RETURN_TYPE = YES_ERROR;
				GCC_WARN_UNDECLARED_SELECTOR = YES;
				GCC_WARN_UNINITIALIZED_AUTOS = YES_AGGRESSIVE;
				GCC_WARN_UNUSED_FUNCTION = YES;
				GCC_WARN_UNUSED_VARIABLE = YES;
				MTL_ENABLE_DEBUG_INFO = NO;
				MTL_FAST_MATH = YES;
				SWIFT_COMPILATION_MODE = wholemodule;
				SWIFT_OPTIMIZATION_LEVEL = "-O";
				VERSIONING_SYSTEM = "apple-generic";
			};
			name = Beta;
		};
		B5E69AF92D591F8A00F35C92 /* Beta */ = {
			isa = XCBuildConfiguration;
			buildSettings = {
				ASSETCATALOG_COMPILER_APPICON_NAME = AppIcon;
				ASSETCATALOG_COMPILER_GLOBAL_ACCENT_COLOR_NAME = AccentColor;
				"CODE_SIGN_IDENTITY[sdk=iphoneos*]" = "iPhone Distribution: Power Home Remodeling Group, LLC";
				CODE_SIGN_STYLE = Manual;
				CURRENT_PROJECT_VERSION = 135.1;
				DEVELOPMENT_ASSET_PATHS = "\"PlaybookShowcase/Preview Content\"";
				DEVELOPMENT_TEAM = "";
				"DEVELOPMENT_TEAM[sdk=iphoneos*]" = EG5Q7XM634;
				ENABLE_PREVIEWS = YES;
				GENERATE_INFOPLIST_FILE = YES;
				INFOPLIST_KEY_CFBundleDisplayName = Playbook;
				INFOPLIST_KEY_LSApplicationCategoryType = "public.app-category.developer-tools";
				INFOPLIST_KEY_UIApplicationSceneManifest_Generation = YES;
				INFOPLIST_KEY_UIApplicationSupportsIndirectInputEvents = YES;
				INFOPLIST_KEY_UILaunchScreen_Generation = YES;
				INFOPLIST_KEY_UISupportedInterfaceOrientations_iPad = "UIInterfaceOrientationPortrait UIInterfaceOrientationPortraitUpsideDown UIInterfaceOrientationLandscapeLeft UIInterfaceOrientationLandscapeRight";
				INFOPLIST_KEY_UISupportedInterfaceOrientations_iPhone = "UIInterfaceOrientationPortrait UIInterfaceOrientationLandscapeLeft UIInterfaceOrientationLandscapeRight";
				IPHONEOS_DEPLOYMENT_TARGET = 17.6;
				LD_RUNPATH_SEARCH_PATHS = (
					"$(inherited)",
					"@executable_path/Frameworks",
				);
				MARKETING_VERSION = 6.7.0;
				PRODUCT_BUNDLE_IDENTIFIER = com.powerhrg.PlaybookShowcase.dev;
				PRODUCT_NAME = "$(TARGET_NAME)";
				PROVISIONING_PROFILE_SPECIFIER = "Playbook Showcase App Beta";
				"PROVISIONING_PROFILE_SPECIFIER[sdk=iphoneos*]" = "Playbook Showcase App Beta";
				SDKROOT = iphoneos;
				SUPPORTED_PLATFORMS = "iphoneos iphonesimulator";
				SUPPORTS_MACCATALYST = NO;
				SUPPORTS_MAC_DESIGNED_FOR_IPHONE_IPAD = NO;
				SWIFT_EMIT_LOC_STRINGS = YES;
				SWIFT_VERSION = 5.0;
				TARGETED_DEVICE_FAMILY = "1,2";
				VALIDATE_PRODUCT = YES;
			};
			name = Beta;
		};
		B5E69AFA2D591F8A00F35C92 /* Beta */ = {
			isa = XCBuildConfiguration;
			buildSettings = {
				ASSETCATALOG_COMPILER_APPICON_NAME = AppIcon;
				ASSETCATALOG_COMPILER_GLOBAL_ACCENT_COLOR_NAME = AccentColor;
				ASSETCATALOG_COMPILER_INCLUDE_ALL_APPICON_ASSETS = YES;
				CODE_SIGN_ENTITLEMENTS = "PlaybookShowcase-macOS/PlaybookShowcase_macOS.entitlements";
				CODE_SIGN_IDENTITY = "Apple Development";
				"CODE_SIGN_IDENTITY[sdk=macosx*]" = "Developer ID Application";
				CODE_SIGN_STYLE = Manual;
				COMBINE_HIDPI_IMAGES = YES;
				CURRENT_PROJECT_VERSION = 142.1;
				DEVELOPMENT_ASSET_PATHS = "\"PlaybookShowcase/Preview Content\"";
				DEVELOPMENT_TEAM = "";
				"DEVELOPMENT_TEAM[sdk=macosx*]" = EG5Q7XM634;
				ENABLE_HARDENED_RUNTIME = YES;
				ENABLE_PREVIEWS = YES;
				GENERATE_INFOPLIST_FILE = YES;
				INFOPLIST_KEY_CFBundleDisplayName = Playbook;
				INFOPLIST_KEY_LSApplicationCategoryType = "public.app-category.developer-tools";
				INFOPLIST_KEY_NSHumanReadableCopyright = "";
				LD_RUNPATH_SEARCH_PATHS = (
					"$(inherited)",
					"@executable_path/../Frameworks",
				);
				MACOSX_DEPLOYMENT_TARGET = 14.6;
				MARKETING_VERSION = 6.7.0;
				PRODUCT_BUNDLE_IDENTIFIER = com.powerhrg.PlaybookShowcase.dev;
				PRODUCT_NAME = "$(TARGET_NAME)";
				PROVISIONING_PROFILE_SPECIFIER = "Playbook Showcase Beta Dev ID";
				"PROVISIONING_PROFILE_SPECIFIER[sdk=macosx*]" = "Playbook Showcase Beta Dev ID";
				SDKROOT = macosx;
				SWIFT_EMIT_LOC_STRINGS = YES;
				SWIFT_VERSION = 5.0;
			};
			name = Beta;
		};
		F905153929F03B0800F9B66D /* Debug */ = {
			isa = XCBuildConfiguration;
			buildSettings = {
				ASSETCATALOG_COMPILER_APPICON_NAME = AppIcon;
				ASSETCATALOG_COMPILER_GLOBAL_ACCENT_COLOR_NAME = AccentColor;
				CODE_SIGN_STYLE = Automatic;
				CURRENT_PROJECT_VERSION = 135.1;
				DEVELOPMENT_ASSET_PATHS = "\"PlaybookShowcase/Preview Content\"";
				DEVELOPMENT_TEAM = EG5Q7XM634;
				ENABLE_PREVIEWS = YES;
				GENERATE_INFOPLIST_FILE = YES;
				INFOPLIST_KEY_CFBundleDisplayName = Playbook;
				INFOPLIST_KEY_LSApplicationCategoryType = "public.app-category.developer-tools";
				INFOPLIST_KEY_UIApplicationSceneManifest_Generation = YES;
				INFOPLIST_KEY_UIApplicationSupportsIndirectInputEvents = YES;
				INFOPLIST_KEY_UILaunchScreen_Generation = YES;
				INFOPLIST_KEY_UISupportedInterfaceOrientations_iPad = "UIInterfaceOrientationPortrait UIInterfaceOrientationPortraitUpsideDown UIInterfaceOrientationLandscapeLeft UIInterfaceOrientationLandscapeRight";
				INFOPLIST_KEY_UISupportedInterfaceOrientations_iPhone = "UIInterfaceOrientationPortrait UIInterfaceOrientationLandscapeLeft UIInterfaceOrientationLandscapeRight";
				IPHONEOS_DEPLOYMENT_TARGET = 17.6;
				LD_RUNPATH_SEARCH_PATHS = (
					"$(inherited)",
					"@executable_path/Frameworks",
				);
				MARKETING_VERSION = 6.7.0;
				PRODUCT_BUNDLE_IDENTIFIER = com.powerhrg.PlaybookShowcase.dev;
				PRODUCT_NAME = "$(TARGET_NAME)";
				SDKROOT = iphoneos;
				SUPPORTED_PLATFORMS = "iphoneos iphonesimulator";
				SUPPORTS_MACCATALYST = NO;
				SUPPORTS_MAC_DESIGNED_FOR_IPHONE_IPAD = NO;
				SWIFT_EMIT_LOC_STRINGS = YES;
				SWIFT_VERSION = 5.0;
				TARGETED_DEVICE_FAMILY = "1,2";
			};
			name = Debug;
		};
		F905153A29F03B0800F9B66D /* Release */ = {
			isa = XCBuildConfiguration;
			buildSettings = {
				ASSETCATALOG_COMPILER_APPICON_NAME = AppIcon;
				ASSETCATALOG_COMPILER_GLOBAL_ACCENT_COLOR_NAME = AccentColor;
				"CODE_SIGN_IDENTITY[sdk=iphoneos*]" = "iPhone Distribution: Power Home Remodeling Group, LLC";
				CODE_SIGN_STYLE = Manual;
				CURRENT_PROJECT_VERSION = 135.1;
				DEVELOPMENT_ASSET_PATHS = "\"PlaybookShowcase/Preview Content\"";
				DEVELOPMENT_TEAM = "";
				"DEVELOPMENT_TEAM[sdk=iphoneos*]" = EG5Q7XM634;
				ENABLE_PREVIEWS = YES;
				GENERATE_INFOPLIST_FILE = YES;
				INFOPLIST_KEY_CFBundleDisplayName = Playbook;
				INFOPLIST_KEY_LSApplicationCategoryType = "public.app-category.developer-tools";
				INFOPLIST_KEY_UIApplicationSceneManifest_Generation = YES;
				INFOPLIST_KEY_UIApplicationSupportsIndirectInputEvents = YES;
				INFOPLIST_KEY_UILaunchScreen_Generation = YES;
				INFOPLIST_KEY_UISupportedInterfaceOrientations_iPad = "UIInterfaceOrientationPortrait UIInterfaceOrientationPortraitUpsideDown UIInterfaceOrientationLandscapeLeft UIInterfaceOrientationLandscapeRight";
				INFOPLIST_KEY_UISupportedInterfaceOrientations_iPhone = "UIInterfaceOrientationPortrait UIInterfaceOrientationLandscapeLeft UIInterfaceOrientationLandscapeRight";
				IPHONEOS_DEPLOYMENT_TARGET = 17.6;
				LD_RUNPATH_SEARCH_PATHS = (
					"$(inherited)",
					"@executable_path/Frameworks",
				);
				MARKETING_VERSION = 6.7.0;
				PRODUCT_BUNDLE_IDENTIFIER = com.powerhrg.PlaybookShowcase;
				PRODUCT_NAME = "$(TARGET_NAME)";
				PROVISIONING_PROFILE_SPECIFIER = "Playbook Showcase App";
				"PROVISIONING_PROFILE_SPECIFIER[sdk=iphoneos*]" = "Playbook Showcase App";
				SDKROOT = iphoneos;
				SUPPORTED_PLATFORMS = "iphoneos iphonesimulator";
				SUPPORTS_MACCATALYST = NO;
				SUPPORTS_MAC_DESIGNED_FOR_IPHONE_IPAD = NO;
				SWIFT_EMIT_LOC_STRINGS = YES;
				SWIFT_VERSION = 5.0;
				TARGETED_DEVICE_FAMILY = "1,2";
				VALIDATE_PRODUCT = YES;
			};
			name = Release;
		};
		F905156929F03B3D00F9B66D /* Debug */ = {
			isa = XCBuildConfiguration;
			buildSettings = {
				ASSETCATALOG_COMPILER_APPICON_NAME = AppIcon;
				ASSETCATALOG_COMPILER_GLOBAL_ACCENT_COLOR_NAME = AccentColor;
				ASSETCATALOG_COMPILER_INCLUDE_ALL_APPICON_ASSETS = YES;
				CODE_SIGN_ENTITLEMENTS = "PlaybookShowcase-macOS/PlaybookShowcase_macOS.entitlements";
				CODE_SIGN_IDENTITY = "Apple Development";
				CODE_SIGN_STYLE = Automatic;
				COMBINE_HIDPI_IMAGES = YES;
				CURRENT_PROJECT_VERSION = 142.1;
				DEVELOPMENT_ASSET_PATHS = "\"PlaybookShowcase/Preview Content\"";
				DEVELOPMENT_TEAM = EG5Q7XM634;
				ENABLE_HARDENED_RUNTIME = YES;
				ENABLE_PREVIEWS = YES;
				GENERATE_INFOPLIST_FILE = YES;
				INFOPLIST_KEY_CFBundleDisplayName = Playbook;
				INFOPLIST_KEY_LSApplicationCategoryType = "public.app-category.developer-tools";
				INFOPLIST_KEY_NSHumanReadableCopyright = "";
				LD_RUNPATH_SEARCH_PATHS = (
					"$(inherited)",
					"@executable_path/../Frameworks",
				);
				MACOSX_DEPLOYMENT_TARGET = 14.6;
				MARKETING_VERSION = 6.7.0;
				PRODUCT_BUNDLE_IDENTIFIER = com.powerhrg.PlaybookShowcase.dev;
				PRODUCT_NAME = "$(TARGET_NAME)";
				PROVISIONING_PROFILE_SPECIFIER = "";
				SDKROOT = macosx;
				SWIFT_EMIT_LOC_STRINGS = YES;
				SWIFT_VERSION = 5.0;
			};
			name = Debug;
		};
		F905156A29F03B3D00F9B66D /* Release */ = {
			isa = XCBuildConfiguration;
			buildSettings = {
				ASSETCATALOG_COMPILER_APPICON_NAME = AppIcon;
				ASSETCATALOG_COMPILER_GLOBAL_ACCENT_COLOR_NAME = AccentColor;
				ASSETCATALOG_COMPILER_INCLUDE_ALL_APPICON_ASSETS = YES;
				CODE_SIGN_ENTITLEMENTS = "PlaybookShowcase-macOS/PlaybookShowcase_macOS.entitlements";
				"CODE_SIGN_IDENTITY[sdk=*]" = "Developer ID Application: Power Home Remodeling Group, LLC (EG5Q7XM634)";
				CODE_SIGN_STYLE = Manual;
				COMBINE_HIDPI_IMAGES = YES;
				CURRENT_PROJECT_VERSION = 142.1;
				DEVELOPMENT_ASSET_PATHS = "\"PlaybookShowcase/Preview Content\"";
				DEVELOPMENT_TEAM = EG5Q7XM634;
				"DEVELOPMENT_TEAM[sdk=macosx*]" = EG5Q7XM634;
				ENABLE_HARDENED_RUNTIME = YES;
				ENABLE_PREVIEWS = YES;
				GENERATE_INFOPLIST_FILE = YES;
				INFOPLIST_KEY_CFBundleDisplayName = Playbook;
				INFOPLIST_KEY_LSApplicationCategoryType = "public.app-category.developer-tools";
				INFOPLIST_KEY_NSHumanReadableCopyright = "";
				LD_RUNPATH_SEARCH_PATHS = (
					"$(inherited)",
					"@executable_path/../Frameworks",
				);
				MACOSX_DEPLOYMENT_TARGET = 14.6;
				MARKETING_VERSION = 6.7.0;
				PRODUCT_BUNDLE_IDENTIFIER = com.powerhrg.PlaybookShowcase;
				PRODUCT_NAME = "$(TARGET_NAME)";
				PROVISIONING_PROFILE_SPECIFIER = "Playbook Showcase Dev ID";
				"PROVISIONING_PROFILE_SPECIFIER[sdk=macosx*]" = "Playbook Showcase Dev ID";
				SDKROOT = macosx;
				SWIFT_EMIT_LOC_STRINGS = YES;
				SWIFT_VERSION = 5.0;
			};
			name = Release;
		};
		F9370FF529EDCC0200FFD0DF /* Debug */ = {
			isa = XCBuildConfiguration;
			buildSettings = {
				ALWAYS_SEARCH_USER_PATHS = NO;
				CLANG_ANALYZER_NONNULL = YES;
				CLANG_ANALYZER_NUMBER_OBJECT_CONVERSION = YES_AGGRESSIVE;
				CLANG_CXX_LANGUAGE_STANDARD = "gnu++20";
				CLANG_ENABLE_MODULES = YES;
				CLANG_ENABLE_OBJC_ARC = YES;
				CLANG_ENABLE_OBJC_WEAK = YES;
				CLANG_WARN_BLOCK_CAPTURE_AUTORELEASING = YES;
				CLANG_WARN_BOOL_CONVERSION = YES;
				CLANG_WARN_COMMA = YES;
				CLANG_WARN_CONSTANT_CONVERSION = YES;
				CLANG_WARN_DEPRECATED_OBJC_IMPLEMENTATIONS = YES;
				CLANG_WARN_DIRECT_OBJC_ISA_USAGE = YES_ERROR;
				CLANG_WARN_DOCUMENTATION_COMMENTS = YES;
				CLANG_WARN_EMPTY_BODY = YES;
				CLANG_WARN_ENUM_CONVERSION = YES;
				CLANG_WARN_INFINITE_RECURSION = YES;
				CLANG_WARN_INT_CONVERSION = YES;
				CLANG_WARN_NON_LITERAL_NULL_CONVERSION = YES;
				CLANG_WARN_OBJC_IMPLICIT_RETAIN_SELF = YES;
				CLANG_WARN_OBJC_LITERAL_CONVERSION = YES;
				CLANG_WARN_OBJC_ROOT_CLASS = YES_ERROR;
				CLANG_WARN_QUOTED_INCLUDE_IN_FRAMEWORK_HEADER = YES;
				CLANG_WARN_RANGE_LOOP_ANALYSIS = YES;
				CLANG_WARN_STRICT_PROTOTYPES = YES;
				CLANG_WARN_SUSPICIOUS_MOVE = YES;
				CLANG_WARN_UNGUARDED_AVAILABILITY = YES_AGGRESSIVE;
				CLANG_WARN_UNREACHABLE_CODE = YES;
				CLANG_WARN__DUPLICATE_METHOD_MATCH = YES;
				COPY_PHASE_STRIP = NO;
				DEBUG_INFORMATION_FORMAT = dwarf;
				ENABLE_STRICT_OBJC_MSGSEND = YES;
				ENABLE_TESTABILITY = YES;
				GCC_C_LANGUAGE_STANDARD = gnu11;
				GCC_DYNAMIC_NO_PIC = NO;
				GCC_NO_COMMON_BLOCKS = YES;
				GCC_OPTIMIZATION_LEVEL = 0;
				GCC_PREPROCESSOR_DEFINITIONS = (
					"DEBUG=1",
					"$(inherited)",
				);
				GCC_WARN_64_TO_32_BIT_CONVERSION = YES;
				GCC_WARN_ABOUT_RETURN_TYPE = YES_ERROR;
				GCC_WARN_UNDECLARED_SELECTOR = YES;
				GCC_WARN_UNINITIALIZED_AUTOS = YES_AGGRESSIVE;
				GCC_WARN_UNUSED_FUNCTION = YES;
				GCC_WARN_UNUSED_VARIABLE = YES;
				MTL_ENABLE_DEBUG_INFO = INCLUDE_SOURCE;
				MTL_FAST_MATH = YES;
				ONLY_ACTIVE_ARCH = YES;
				SWIFT_ACTIVE_COMPILATION_CONDITIONS = DEBUG;
				SWIFT_OPTIMIZATION_LEVEL = "-Onone";
				VERSIONING_SYSTEM = "apple-generic";
			};
			name = Debug;
		};
		F9370FF629EDCC0200FFD0DF /* Release */ = {
			isa = XCBuildConfiguration;
			buildSettings = {
				ALWAYS_SEARCH_USER_PATHS = NO;
				CLANG_ANALYZER_NONNULL = YES;
				CLANG_ANALYZER_NUMBER_OBJECT_CONVERSION = YES_AGGRESSIVE;
				CLANG_CXX_LANGUAGE_STANDARD = "gnu++20";
				CLANG_ENABLE_MODULES = YES;
				CLANG_ENABLE_OBJC_ARC = YES;
				CLANG_ENABLE_OBJC_WEAK = YES;
				CLANG_WARN_BLOCK_CAPTURE_AUTORELEASING = YES;
				CLANG_WARN_BOOL_CONVERSION = YES;
				CLANG_WARN_COMMA = YES;
				CLANG_WARN_CONSTANT_CONVERSION = YES;
				CLANG_WARN_DEPRECATED_OBJC_IMPLEMENTATIONS = YES;
				CLANG_WARN_DIRECT_OBJC_ISA_USAGE = YES_ERROR;
				CLANG_WARN_DOCUMENTATION_COMMENTS = YES;
				CLANG_WARN_EMPTY_BODY = YES;
				CLANG_WARN_ENUM_CONVERSION = YES;
				CLANG_WARN_INFINITE_RECURSION = YES;
				CLANG_WARN_INT_CONVERSION = YES;
				CLANG_WARN_NON_LITERAL_NULL_CONVERSION = YES;
				CLANG_WARN_OBJC_IMPLICIT_RETAIN_SELF = YES;
				CLANG_WARN_OBJC_LITERAL_CONVERSION = YES;
				CLANG_WARN_OBJC_ROOT_CLASS = YES_ERROR;
				CLANG_WARN_QUOTED_INCLUDE_IN_FRAMEWORK_HEADER = YES;
				CLANG_WARN_RANGE_LOOP_ANALYSIS = YES;
				CLANG_WARN_STRICT_PROTOTYPES = YES;
				CLANG_WARN_SUSPICIOUS_MOVE = YES;
				CLANG_WARN_UNGUARDED_AVAILABILITY = YES_AGGRESSIVE;
				CLANG_WARN_UNREACHABLE_CODE = YES;
				CLANG_WARN__DUPLICATE_METHOD_MATCH = YES;
				COPY_PHASE_STRIP = NO;
				DEBUG_INFORMATION_FORMAT = "dwarf-with-dsym";
				ENABLE_NS_ASSERTIONS = NO;
				ENABLE_STRICT_OBJC_MSGSEND = YES;
				GCC_C_LANGUAGE_STANDARD = gnu11;
				GCC_NO_COMMON_BLOCKS = YES;
				GCC_WARN_64_TO_32_BIT_CONVERSION = YES;
				GCC_WARN_ABOUT_RETURN_TYPE = YES_ERROR;
				GCC_WARN_UNDECLARED_SELECTOR = YES;
				GCC_WARN_UNINITIALIZED_AUTOS = YES_AGGRESSIVE;
				GCC_WARN_UNUSED_FUNCTION = YES;
				GCC_WARN_UNUSED_VARIABLE = YES;
				MTL_ENABLE_DEBUG_INFO = NO;
				MTL_FAST_MATH = YES;
				SWIFT_COMPILATION_MODE = wholemodule;
				SWIFT_OPTIMIZATION_LEVEL = "-O";
				VERSIONING_SYSTEM = "apple-generic";
			};
			name = Release;
		};
/* End XCBuildConfiguration section */

/* Begin XCConfigurationList section */
		F905153F29F03B0800F9B66D /* Build configuration list for PBXNativeTarget "PlaybookShowcase-iOS" */ = {
			isa = XCConfigurationList;
			buildConfigurations = (
				F905153929F03B0800F9B66D /* Debug */,
				F905153A29F03B0800F9B66D /* Release */,
				B5E69AF92D591F8A00F35C92 /* Beta */,
			);
			defaultConfigurationIsVisible = 0;
			defaultConfigurationName = Release;
		};
		F905156829F03B3D00F9B66D /* Build configuration list for PBXNativeTarget "PlaybookShowcase-macOS" */ = {
			isa = XCConfigurationList;
			buildConfigurations = (
				F905156929F03B3D00F9B66D /* Debug */,
				F905156A29F03B3D00F9B66D /* Release */,
				B5E69AFA2D591F8A00F35C92 /* Beta */,
			);
			defaultConfigurationIsVisible = 0;
			defaultConfigurationName = Release;
		};
		F9370FCD29EDCC0100FFD0DF /* Build configuration list for PBXProject "PlaybookShowcase" */ = {
			isa = XCConfigurationList;
			buildConfigurations = (
				F9370FF529EDCC0200FFD0DF /* Debug */,
				F9370FF629EDCC0200FFD0DF /* Release */,
				B5E69AF82D591F8A00F35C92 /* Beta */,
			);
			defaultConfigurationIsVisible = 0;
			defaultConfigurationName = Release;
		};
/* End XCConfigurationList section */

/* Begin XCSwiftPackageProductDependency section */
		F905157129F03B7600F9B66D /* Playbook */ = {
			isa = XCSwiftPackageProductDependency;
			productName = Playbook;
		};
		F94356FA29F0474D0051C650 /* SwiftLintPlugin */ = {
			isa = XCSwiftPackageProductDependency;
			productName = "plugin:SwiftLintPlugin";
		};
		F99BAA1D2A17F79000006C1C /* Playbook */ = {
			isa = XCSwiftPackageProductDependency;
			productName = Playbook;
		};
/* End XCSwiftPackageProductDependency section */
	};
	rootObject = F9370FCA29EDCC0100FFD0DF /* Project object */;
}
