// !$*UTF8*$!
{
	archiveVersion = 1;
	classes = {
	};
	objectVersion = 56;
	objects = {

/* Begin PBXBuildFile section */
		639039872A13A496004576FF /* ContentListView.swift in Sources */ = {isa = PBXBuildFile; fileRef = 639039862A13A496004576FF /* ContentListView.swift */; };
		8F6D944E2AE98ED800AF0D15 /* Versioning.xcconfig in Resources */ = {isa = PBXBuildFile; fileRef = 8F6D944D2AE98ED800AF0D15 /* Versioning.xcconfig */; };
		8F6D944F2AE98ED800AF0D15 /* Versioning.xcconfig in Resources */ = {isa = PBXBuildFile; fileRef = 8F6D944D2AE98ED800AF0D15 /* Versioning.xcconfig */; };
		E797E2622DB6E484008AB610 /* SkeletonLoaderCatalog.swift in Sources */ = {isa = PBXBuildFile; fileRef = E797E2612DB6E484008AB610 /* SkeletonLoaderCatalog.swift */; };
		E797E2632DB6E484008AB610 /* SkeletonLoaderCatalog.swift in Sources */ = {isa = PBXBuildFile; fileRef = E797E2612DB6E484008AB610 /* SkeletonLoaderCatalog.swift */; };
		F905151B29F03B0700F9B66D /* PlaybookShowcaseApp.swift in Sources */ = {isa = PBXBuildFile; fileRef = F905151A29F03B0700F9B66D /* PlaybookShowcaseApp.swift */; };
		F905151F29F03B0700F9B66D /* Assets.xcassets in Resources */ = {isa = PBXBuildFile; fileRef = F905151E29F03B0700F9B66D /* Assets.xcassets */; };
		F905152229F03B0700F9B66D /* Preview Assets.xcassets in Resources */ = {isa = PBXBuildFile; fileRef = F905152129F03B0700F9B66D /* Preview Assets.xcassets */; };
		F905157229F03B7600F9B66D /* Playbook in Frameworks */ = {isa = PBXBuildFile; productRef = F905157129F03B7600F9B66D /* Playbook */; };
		F91C44872D6D0A9F00E4E9C8 /* LabelValueCatalog.swift in Sources */ = {isa = PBXBuildFile; fileRef = F91C44852D6D0A9F00E4E9C8 /* LabelValueCatalog.swift */; };
		F91C44882D6D0A9F00E4E9C8 /* LabelValueCatalog.swift in Sources */ = {isa = PBXBuildFile; fileRef = F91C44852D6D0A9F00E4E9C8 /* LabelValueCatalog.swift */; };
		F91C448A2D6D0DB300E4E9C8 /* DesignElements.swift in Sources */ = {isa = PBXBuildFile; fileRef = F91C44892D6D0DB300E4E9C8 /* DesignElements.swift */; };
		F91C448B2D6D0DB300E4E9C8 /* DesignElements.swift in Sources */ = {isa = PBXBuildFile; fileRef = F91C44892D6D0DB300E4E9C8 /* DesignElements.swift */; };
		F91C44A82D6D0DE000E4E9C8 /* TypographyCatalog.swift in Sources */ = {isa = PBXBuildFile; fileRef = F91C44A22D6D0DE000E4E9C8 /* TypographyCatalog.swift */; };
		F91C44A92D6D0DE000E4E9C8 /* ColorCatalog.swift in Sources */ = {isa = PBXBuildFile; fileRef = F91C44912D6D0DE000E4E9C8 /* ColorCatalog.swift */; };
		F91C44AA2D6D0DE000E4E9C8 /* Iconography.swift in Sources */ = {isa = PBXBuildFile; fileRef = F91C44932D6D0DE000E4E9C8 /* Iconography.swift */; };
		F91C44AC2D6D0DE000E4E9C8 /* PBShadow.swift in Sources */ = {isa = PBXBuildFile; fileRef = F91C449B2D6D0DE000E4E9C8 /* PBShadow.swift */; };
		F91C44B02D6D0DE000E4E9C8 /* BorderRadiusCatalog.swift in Sources */ = {isa = PBXBuildFile; fileRef = F91C448D2D6D0DE000E4E9C8 /* BorderRadiusCatalog.swift */; };
		F91C44B12D6D0DE000E4E9C8 /* SpacingCatalog.swift in Sources */ = {isa = PBXBuildFile; fileRef = F91C449E2D6D0DE000E4E9C8 /* SpacingCatalog.swift */; };
		F91C44B22D6D0DE000E4E9C8 /* GlobalPositionCatalog.swift in Sources */ = {isa = PBXBuildFile; fileRef = F91C44992D6D0DE000E4E9C8 /* GlobalPositionCatalog.swift */; };
		F91C44B92D6D0DE000E4E9C8 /* TypographyCatalog.swift in Sources */ = {isa = PBXBuildFile; fileRef = F91C44A22D6D0DE000E4E9C8 /* TypographyCatalog.swift */; };
		F91C44BA2D6D0DE000E4E9C8 /* ColorCatalog.swift in Sources */ = {isa = PBXBuildFile; fileRef = F91C44912D6D0DE000E4E9C8 /* ColorCatalog.swift */; };
		F91C44BB2D6D0DE000E4E9C8 /* Iconography.swift in Sources */ = {isa = PBXBuildFile; fileRef = F91C44932D6D0DE000E4E9C8 /* Iconography.swift */; };
		F91C44BD2D6D0DE000E4E9C8 /* PBShadow.swift in Sources */ = {isa = PBXBuildFile; fileRef = F91C449B2D6D0DE000E4E9C8 /* PBShadow.swift */; };
		F91C44C12D6D0DE000E4E9C8 /* BorderRadiusCatalog.swift in Sources */ = {isa = PBXBuildFile; fileRef = F91C448D2D6D0DE000E4E9C8 /* BorderRadiusCatalog.swift */; };
		F91C44C22D6D0DE000E4E9C8 /* SpacingCatalog.swift in Sources */ = {isa = PBXBuildFile; fileRef = F91C449E2D6D0DE000E4E9C8 /* SpacingCatalog.swift */; };
		F91C44C32D6D0DE000E4E9C8 /* GlobalPositionCatalog.swift in Sources */ = {isa = PBXBuildFile; fileRef = F91C44992D6D0DE000E4E9C8 /* GlobalPositionCatalog.swift */; };
		F91C44C72D6D313800E4E9C8 /* MasonryCatalog.swift in Sources */ = {isa = PBXBuildFile; fileRef = F91C44C62D6D313800E4E9C8 /* MasonryCatalog.swift */; };
		F91C44C82D6D313800E4E9C8 /* MasonryCatalog.swift in Sources */ = {isa = PBXBuildFile; fileRef = F91C44C62D6D313800E4E9C8 /* MasonryCatalog.swift */; };
		F91C44CA2D6D334A00E4E9C8 /* Mocks.swift in Sources */ = {isa = PBXBuildFile; fileRef = F91C44C92D6D334A00E4E9C8 /* Mocks.swift */; };
		F91C44CB2D6D334A00E4E9C8 /* Mocks.swift in Sources */ = {isa = PBXBuildFile; fileRef = F91C44C92D6D334A00E4E9C8 /* Mocks.swift */; };
		F943570829F070960051C650 /* PlaybookShowcaseApp.swift in Sources */ = {isa = PBXBuildFile; fileRef = F905151A29F03B0700F9B66D /* PlaybookShowcaseApp.swift */; };
		F943570929F070E90051C650 /* Assets.xcassets in Resources */ = {isa = PBXBuildFile; fileRef = F905151E29F03B0700F9B66D /* Assets.xcassets */; };
		F943570A29F070F10051C650 /* Preview Assets.xcassets in Resources */ = {isa = PBXBuildFile; fileRef = F905152129F03B0700F9B66D /* Preview Assets.xcassets */; };
		F94895C62D6CFDD3001B0122 /* ProgressPillCatalog.swift in Sources */ = {isa = PBXBuildFile; fileRef = F94895292D6CFDD3001B0122 /* ProgressPillCatalog.swift */; };
		F94895C72D6CFDD3001B0122 /* MultipleUsersStackedCatalog.swift in Sources */ = {isa = PBXBuildFile; fileRef = F94895C02D6CFDD3001B0122 /* MultipleUsersStackedCatalog.swift */; };
		F94895C82D6CFDD3001B0122 /* SectionSeparatorCatalog.swift in Sources */ = {isa = PBXBuildFile; fileRef = F94895442D6CFDD3001B0122 /* SectionSeparatorCatalog.swift */; };
		F94895C92D6CFDD3001B0122 /* TypeaheadCatalog.swift in Sources */ = {isa = PBXBuildFile; fileRef = F94895A12D6CFDD3001B0122 /* TypeaheadCatalog.swift */; };
		F94895CA2D6CFDD3001B0122 /* HighlightCatalog.swift in Sources */ = {isa = PBXBuildFile; fileRef = F94894C52D6CFDD3001B0122 /* HighlightCatalog.swift */; };
		F94895CB2D6CFDD3001B0122 /* DateRangeStackedCatalog.swift in Sources */ = {isa = PBXBuildFile; fileRef = F94894832D6CFDD3001B0122 /* DateRangeStackedCatalog.swift */; };
		F94895CC2D6CFDD3001B0122 /* DialogCatalog.swift in Sources */ = {isa = PBXBuildFile; fileRef = F94894B22D6CFDD3001B0122 /* DialogCatalog.swift */; };
		F94895CD2D6CFDD3001B0122 /* ToggleCatalog.swift in Sources */ = {isa = PBXBuildFile; fileRef = F94895952D6CFDD3001B0122 /* ToggleCatalog.swift */; };
		F94895CE2D6CFDD3001B0122 /* IconCircleCatalog.swift in Sources */ = {isa = PBXBuildFile; fileRef = F94894E92D6CFDD3001B0122 /* IconCircleCatalog.swift */; };
		F94895CF2D6CFDD3001B0122 /* TimeRangeInlineCatalog.swift in Sources */ = {isa = PBXBuildFile; fileRef = F94895882D6CFDD3001B0122 /* TimeRangeInlineCatalog.swift */; };
		F94895D02D6CFDD3001B0122 /* MultipleUsersCatalog.swift in Sources */ = {isa = PBXBuildFile; fileRef = F94895B22D6CFDD3001B0122 /* MultipleUsersCatalog.swift */; };
		F94895D12D6CFDD3001B0122 /* PersonCatalog.swift in Sources */ = {isa = PBXBuildFile; fileRef = F94895152D6CFDD3001B0122 /* PersonCatalog.swift */; };
		F94895D22D6CFDD3001B0122 /* NavCatalog.swift in Sources */ = {isa = PBXBuildFile; fileRef = F948950D2D6CFDD3001B0122 /* NavCatalog.swift */; };
		F94895D32D6CFDD3001B0122 /* MultipleUsersIndicatorCatalog.swift in Sources */ = {isa = PBXBuildFile; fileRef = F94895B82D6CFDD3001B0122 /* MultipleUsersIndicatorCatalog.swift */; };
		F94895D42D6CFDD3001B0122 /* PersonContactCatalog.swift in Sources */ = {isa = PBXBuildFile; fileRef = F948951E2D6CFDD3001B0122 /* PersonContactCatalog.swift */; };
		F94895D52D6CFDD3001B0122 /* IconCatalog.swift in Sources */ = {isa = PBXBuildFile; fileRef = F94894D82D6CFDD3001B0122 /* IconCatalog.swift */; };
		F94895D62D6CFDD3001B0122 /* ProgressStepCatalog.swift in Sources */ = {isa = PBXBuildFile; fileRef = F948952D2D6CFDD3001B0122 /* ProgressStepCatalog.swift */; };
		F94895D72D6CFDD3001B0122 /* RadioCatalog.swift in Sources */ = {isa = PBXBuildFile; fileRef = F948953A2D6CFDD3001B0122 /* RadioCatalog.swift */; };
		F94895D82D6CFDD3001B0122 /* SelectCatalog.swift in Sources */ = {isa = PBXBuildFile; fileRef = F948954E2D6CFDD3001B0122 /* SelectCatalog.swift */; };
		F94895D92D6CFDD3001B0122 /* TextAreaCatalog.swift in Sources */ = {isa = PBXBuildFile; fileRef = F94895632D6CFDD3001B0122 /* TextAreaCatalog.swift */; };
		F94895DA2D6CFDD3001B0122 /* CardCatalog.swift in Sources */ = {isa = PBXBuildFile; fileRef = F94894502D6CFDD3001B0122 /* CardCatalog.swift */; };
		F94895DB2D6CFDD3001B0122 /* ContactCatalog.swift in Sources */ = {isa = PBXBuildFile; fileRef = F94894672D6CFDD3001B0122 /* ContactCatalog.swift */; };
		F94895DC2D6CFDD3001B0122 /* HomeAddressStreetCatalog.swift in Sources */ = {isa = PBXBuildFile; fileRef = F94894CE2D6CFDD3001B0122 /* HomeAddressStreetCatalog.swift */; };
		F94895DD2D6CFDD3001B0122 /* TextInputCatalog.swift in Sources */ = {isa = PBXBuildFile; fileRef = F948956E2D6CFDD3001B0122 /* TextInputCatalog.swift */; };
		F94895DE2D6CFDD3001B0122 /* DateYearStackedCatalog.swift in Sources */ = {isa = PBXBuildFile; fileRef = F94894A82D6CFDD3001B0122 /* DateYearStackedCatalog.swift */; };
		F94895DF2D6CFDD3001B0122 /* TimeCatalog.swift in Sources */ = {isa = PBXBuildFile; fileRef = F94895782D6CFDD3001B0122 /* TimeCatalog.swift */; };
		F94895E02D6CFDD3001B0122 /* ToastCatalog.swift in Sources */ = {isa = PBXBuildFile; fileRef = F94894BD2D6CFDD3001B0122 /* ToastCatalog.swift */; };
		F94895E12D6CFDD3001B0122 /* MessageCatalog.swift in Sources */ = {isa = PBXBuildFile; fileRef = F94894FA2D6CFDD3001B0122 /* MessageCatalog.swift */; };
		F94895E22D6CFDD3001B0122 /* TimeStackedCatalog.swift in Sources */ = {isa = PBXBuildFile; fileRef = F948958E2D6CFDD3001B0122 /* TimeStackedCatalog.swift */; };
		F94895E32D6CFDD3001B0122 /* GridCatalog.swift in Sources */ = {isa = PBXBuildFile; fileRef = F94894BF2D6CFDD3001B0122 /* GridCatalog.swift */; };
		F94895E42D6CFDD3001B0122 /* LoaderCatalog.swift in Sources */ = {isa = PBXBuildFile; fileRef = F948949A2D6CFDD3001B0122 /* LoaderCatalog.swift */; };
		F94895E52D6CFDD3001B0122 /* TooltipCatalog.swift in Sources */ = {isa = PBXBuildFile; fileRef = F948959E2D6CFDD3001B0122 /* TooltipCatalog.swift */; };
		F94895E62D6CFDD3001B0122 /* LabelPillCatalog.swift in Sources */ = {isa = PBXBuildFile; fileRef = F94894F22D6CFDD3001B0122 /* LabelPillCatalog.swift */; };
		F94895E72D6CFDD3001B0122 /* IconStatValueCatalog.swift in Sources */ = {isa = PBXBuildFile; fileRef = F94894DA2D6CFDD3001B0122 /* IconStatValueCatalog.swift */; };
		F94895E82D6CFDD3001B0122 /* ProgressSimpleCatalog.swift in Sources */ = {isa = PBXBuildFile; fileRef = F948952B2D6CFDD3001B0122 /* ProgressSimpleCatalog.swift */; };
		F94895E92D6CFDD3001B0122 /* DateCatalog.swift in Sources */ = {isa = PBXBuildFile; fileRef = F94894772D6CFDD3001B0122 /* DateCatalog.swift */; };
		F94895EA2D6CFDD3001B0122 /* PillCatalog.swift in Sources */ = {isa = PBXBuildFile; fileRef = F94895252D6CFDD3001B0122 /* PillCatalog.swift */; };
		F94895EB2D6CFDD3001B0122 /* ImageCatalog.swift in Sources */ = {isa = PBXBuildFile; fileRef = F94894F02D6CFDD3001B0122 /* ImageCatalog.swift */; };
		F94895EC2D6CFDD3001B0122 /* DateTimeStackedCatalog.swift in Sources */ = {isa = PBXBuildFile; fileRef = F94894A22D6CFDD3001B0122 /* DateTimeStackedCatalog.swift */; };
		F94895ED2D6CFDD3001B0122 /* CurrencyCatalog.swift in Sources */ = {isa = PBXBuildFile; fileRef = F948946E2D6CFDD3001B0122 /* CurrencyCatalog.swift */; };
		F94895EE2D6CFDD3001B0122 /* DateStackedCatalog.swift in Sources */ = {isa = PBXBuildFile; fileRef = F948948D2D6CFDD3001B0122 /* DateStackedCatalog.swift */; };
		F94895EF2D6CFDD3001B0122 /* CollapsibleCatalog.swift in Sources */ = {isa = PBXBuildFile; fileRef = F94894602D6CFDD3001B0122 /* CollapsibleCatalog.swift */; };
		F94895F02D6CFDD3001B0122 /* BadgeCatalog.swift in Sources */ = {isa = PBXBuildFile; fileRef = F94894352D6CFDD3001B0122 /* BadgeCatalog.swift */; };
		F94895F12D6CFDD3001B0122 /* OnlineStatusCatalog.swift in Sources */ = {isa = PBXBuildFile; fileRef = F948950F2D6CFDD3001B0122 /* OnlineStatusCatalog.swift */; };
		F94895F22D6CFDD3001B0122 /* ComponentsView.swift in Sources */ = {isa = PBXBuildFile; fileRef = F94895C42D6CFDD3001B0122 /* ComponentsView.swift */; };
		F94895F32D6CFDD3001B0122 /* SelectableCardCatalog.swift in Sources */ = {isa = PBXBuildFile; fileRef = F94895502D6CFDD3001B0122 /* SelectableCardCatalog.swift */; };
		F94895F42D6CFDD3001B0122 /* IconValueCatalog.swift in Sources */ = {isa = PBXBuildFile; fileRef = F94894E12D6CFDD3001B0122 /* IconValueCatalog.swift */; };
		F94895F52D6CFDD3001B0122 /* CheckboxCatalog.swift in Sources */ = {isa = PBXBuildFile; fileRef = F94894582D6CFDD3001B0122 /* CheckboxCatalog.swift */; };
		F94895F62D6CFDD3001B0122 /* TimeStampCatalog.swift in Sources */ = {isa = PBXBuildFile; fileRef = F94895822D6CFDD3001B0122 /* TimeStampCatalog.swift */; };
		F94895F72D6CFDD3001B0122 /* ButtonsCatalog.swift in Sources */ = {isa = PBXBuildFile; fileRef = F94894412D6CFDD3001B0122 /* ButtonsCatalog.swift */; };
		F94895F82D6CFDD3001B0122 /* DateTimeCatalog.swift in Sources */ = {isa = PBXBuildFile; fileRef = F948949C2D6CFDD3001B0122 /* DateTimeCatalog.swift */; };
		F94895F92D6CFDD3001B0122 /* DateRangeInlineCatalog.swift in Sources */ = {isa = PBXBuildFile; fileRef = F948947D2D6CFDD3001B0122 /* DateRangeInlineCatalog.swift */; };
		F94895FA2D6CFDD3001B0122 /* UserCatalog.swift in Sources */ = {isa = PBXBuildFile; fileRef = F94895C22D6CFDD3001B0122 /* UserCatalog.swift */; };
		F94895FB2D6CFDD3001B0122 /* TabBarCatalog.swift in Sources */ = {isa = PBXBuildFile; fileRef = F948955A2D6CFDD3001B0122 /* TabBarCatalog.swift */; };
		F94895FC2D6CFDD3001B0122 /* PopoverCatalog.swift in Sources */ = {isa = PBXBuildFile; fileRef = F94895272D6CFDD3001B0122 /* PopoverCatalog.swift */; };
		F94895FD2D6CFDD3001B0122 /* AvatarCatalog.swift in Sources */ = {isa = PBXBuildFile; fileRef = F948942C2D6CFDD3001B0122 /* AvatarCatalog.swift */; };
		F94897F82D6CFDD3001B0122 /* ProgressPillCatalog.swift in Sources */ = {isa = PBXBuildFile; fileRef = F94895292D6CFDD3001B0122 /* ProgressPillCatalog.swift */; };
		F94897F92D6CFDD3001B0122 /* MultipleUsersStackedCatalog.swift in Sources */ = {isa = PBXBuildFile; fileRef = F94895C02D6CFDD3001B0122 /* MultipleUsersStackedCatalog.swift */; };
		F94897FA2D6CFDD3001B0122 /* SectionSeparatorCatalog.swift in Sources */ = {isa = PBXBuildFile; fileRef = F94895442D6CFDD3001B0122 /* SectionSeparatorCatalog.swift */; };
		F94897FB2D6CFDD3001B0122 /* TypeaheadCatalog.swift in Sources */ = {isa = PBXBuildFile; fileRef = F94895A12D6CFDD3001B0122 /* TypeaheadCatalog.swift */; };
		F94897FC2D6CFDD3001B0122 /* HighlightCatalog.swift in Sources */ = {isa = PBXBuildFile; fileRef = F94894C52D6CFDD3001B0122 /* HighlightCatalog.swift */; };
		F94897FD2D6CFDD3001B0122 /* DateRangeStackedCatalog.swift in Sources */ = {isa = PBXBuildFile; fileRef = F94894832D6CFDD3001B0122 /* DateRangeStackedCatalog.swift */; };
		F94897FE2D6CFDD3001B0122 /* DialogCatalog.swift in Sources */ = {isa = PBXBuildFile; fileRef = F94894B22D6CFDD3001B0122 /* DialogCatalog.swift */; };
		F94897FF2D6CFDD3001B0122 /* ToggleCatalog.swift in Sources */ = {isa = PBXBuildFile; fileRef = F94895952D6CFDD3001B0122 /* ToggleCatalog.swift */; };
		F94898002D6CFDD3001B0122 /* IconCircleCatalog.swift in Sources */ = {isa = PBXBuildFile; fileRef = F94894E92D6CFDD3001B0122 /* IconCircleCatalog.swift */; };
		F94898012D6CFDD3001B0122 /* TimeRangeInlineCatalog.swift in Sources */ = {isa = PBXBuildFile; fileRef = F94895882D6CFDD3001B0122 /* TimeRangeInlineCatalog.swift */; };
		F94898022D6CFDD3001B0122 /* MultipleUsersCatalog.swift in Sources */ = {isa = PBXBuildFile; fileRef = F94895B22D6CFDD3001B0122 /* MultipleUsersCatalog.swift */; };
		F94898032D6CFDD3001B0122 /* PersonCatalog.swift in Sources */ = {isa = PBXBuildFile; fileRef = F94895152D6CFDD3001B0122 /* PersonCatalog.swift */; };
		F94898042D6CFDD3001B0122 /* NavCatalog.swift in Sources */ = {isa = PBXBuildFile; fileRef = F948950D2D6CFDD3001B0122 /* NavCatalog.swift */; };
		F94898052D6CFDD3001B0122 /* MultipleUsersIndicatorCatalog.swift in Sources */ = {isa = PBXBuildFile; fileRef = F94895B82D6CFDD3001B0122 /* MultipleUsersIndicatorCatalog.swift */; };
		F94898062D6CFDD3001B0122 /* PersonContactCatalog.swift in Sources */ = {isa = PBXBuildFile; fileRef = F948951E2D6CFDD3001B0122 /* PersonContactCatalog.swift */; };
		F94898072D6CFDD3001B0122 /* IconCatalog.swift in Sources */ = {isa = PBXBuildFile; fileRef = F94894D82D6CFDD3001B0122 /* IconCatalog.swift */; };
		F94898082D6CFDD3001B0122 /* ProgressStepCatalog.swift in Sources */ = {isa = PBXBuildFile; fileRef = F948952D2D6CFDD3001B0122 /* ProgressStepCatalog.swift */; };
		F94898092D6CFDD3001B0122 /* RadioCatalog.swift in Sources */ = {isa = PBXBuildFile; fileRef = F948953A2D6CFDD3001B0122 /* RadioCatalog.swift */; };
		F948980A2D6CFDD3001B0122 /* SelectCatalog.swift in Sources */ = {isa = PBXBuildFile; fileRef = F948954E2D6CFDD3001B0122 /* SelectCatalog.swift */; };
		F948980B2D6CFDD3001B0122 /* TextAreaCatalog.swift in Sources */ = {isa = PBXBuildFile; fileRef = F94895632D6CFDD3001B0122 /* TextAreaCatalog.swift */; };
		F948980C2D6CFDD3001B0122 /* CardCatalog.swift in Sources */ = {isa = PBXBuildFile; fileRef = F94894502D6CFDD3001B0122 /* CardCatalog.swift */; };
		F948980D2D6CFDD3001B0122 /* ContactCatalog.swift in Sources */ = {isa = PBXBuildFile; fileRef = F94894672D6CFDD3001B0122 /* ContactCatalog.swift */; };
		F948980E2D6CFDD3001B0122 /* HomeAddressStreetCatalog.swift in Sources */ = {isa = PBXBuildFile; fileRef = F94894CE2D6CFDD3001B0122 /* HomeAddressStreetCatalog.swift */; };
		F948980F2D6CFDD3001B0122 /* TextInputCatalog.swift in Sources */ = {isa = PBXBuildFile; fileRef = F948956E2D6CFDD3001B0122 /* TextInputCatalog.swift */; };
		F94898102D6CFDD3001B0122 /* DateYearStackedCatalog.swift in Sources */ = {isa = PBXBuildFile; fileRef = F94894A82D6CFDD3001B0122 /* DateYearStackedCatalog.swift */; };
		F94898112D6CFDD3001B0122 /* TimeCatalog.swift in Sources */ = {isa = PBXBuildFile; fileRef = F94895782D6CFDD3001B0122 /* TimeCatalog.swift */; };
		F94898122D6CFDD3001B0122 /* ToastCatalog.swift in Sources */ = {isa = PBXBuildFile; fileRef = F94894BD2D6CFDD3001B0122 /* ToastCatalog.swift */; };
		F94898132D6CFDD3001B0122 /* MessageCatalog.swift in Sources */ = {isa = PBXBuildFile; fileRef = F94894FA2D6CFDD3001B0122 /* MessageCatalog.swift */; };
		F94898142D6CFDD3001B0122 /* TimeStackedCatalog.swift in Sources */ = {isa = PBXBuildFile; fileRef = F948958E2D6CFDD3001B0122 /* TimeStackedCatalog.swift */; };
		F94898152D6CFDD3001B0122 /* GridCatalog.swift in Sources */ = {isa = PBXBuildFile; fileRef = F94894BF2D6CFDD3001B0122 /* GridCatalog.swift */; };
		F94898162D6CFDD3001B0122 /* LoaderCatalog.swift in Sources */ = {isa = PBXBuildFile; fileRef = F948949A2D6CFDD3001B0122 /* LoaderCatalog.swift */; };
		F94898172D6CFDD3001B0122 /* TooltipCatalog.swift in Sources */ = {isa = PBXBuildFile; fileRef = F948959E2D6CFDD3001B0122 /* TooltipCatalog.swift */; };
		F94898182D6CFDD3001B0122 /* LabelPillCatalog.swift in Sources */ = {isa = PBXBuildFile; fileRef = F94894F22D6CFDD3001B0122 /* LabelPillCatalog.swift */; };
		F94898192D6CFDD3001B0122 /* IconStatValueCatalog.swift in Sources */ = {isa = PBXBuildFile; fileRef = F94894DA2D6CFDD3001B0122 /* IconStatValueCatalog.swift */; };
		F948981A2D6CFDD3001B0122 /* ProgressSimpleCatalog.swift in Sources */ = {isa = PBXBuildFile; fileRef = F948952B2D6CFDD3001B0122 /* ProgressSimpleCatalog.swift */; };
		F948981B2D6CFDD3001B0122 /* DateCatalog.swift in Sources */ = {isa = PBXBuildFile; fileRef = F94894772D6CFDD3001B0122 /* DateCatalog.swift */; };
		F948981C2D6CFDD3001B0122 /* PillCatalog.swift in Sources */ = {isa = PBXBuildFile; fileRef = F94895252D6CFDD3001B0122 /* PillCatalog.swift */; };
		F948981D2D6CFDD3001B0122 /* ImageCatalog.swift in Sources */ = {isa = PBXBuildFile; fileRef = F94894F02D6CFDD3001B0122 /* ImageCatalog.swift */; };
		F948981E2D6CFDD3001B0122 /* DateTimeStackedCatalog.swift in Sources */ = {isa = PBXBuildFile; fileRef = F94894A22D6CFDD3001B0122 /* DateTimeStackedCatalog.swift */; };
		F948981F2D6CFDD3001B0122 /* CurrencyCatalog.swift in Sources */ = {isa = PBXBuildFile; fileRef = F948946E2D6CFDD3001B0122 /* CurrencyCatalog.swift */; };
		F94898202D6CFDD3001B0122 /* DateStackedCatalog.swift in Sources */ = {isa = PBXBuildFile; fileRef = F948948D2D6CFDD3001B0122 /* DateStackedCatalog.swift */; };
		F94898212D6CFDD3001B0122 /* CollapsibleCatalog.swift in Sources */ = {isa = PBXBuildFile; fileRef = F94894602D6CFDD3001B0122 /* CollapsibleCatalog.swift */; };
		F94898222D6CFDD3001B0122 /* BadgeCatalog.swift in Sources */ = {isa = PBXBuildFile; fileRef = F94894352D6CFDD3001B0122 /* BadgeCatalog.swift */; };
		F94898232D6CFDD3001B0122 /* OnlineStatusCatalog.swift in Sources */ = {isa = PBXBuildFile; fileRef = F948950F2D6CFDD3001B0122 /* OnlineStatusCatalog.swift */; };
		F94898242D6CFDD3001B0122 /* ComponentsView.swift in Sources */ = {isa = PBXBuildFile; fileRef = F94895C42D6CFDD3001B0122 /* ComponentsView.swift */; };
		F94898252D6CFDD3001B0122 /* SelectableCardCatalog.swift in Sources */ = {isa = PBXBuildFile; fileRef = F94895502D6CFDD3001B0122 /* SelectableCardCatalog.swift */; };
		F94898262D6CFDD3001B0122 /* IconValueCatalog.swift in Sources */ = {isa = PBXBuildFile; fileRef = F94894E12D6CFDD3001B0122 /* IconValueCatalog.swift */; };
		F94898272D6CFDD3001B0122 /* CheckboxCatalog.swift in Sources */ = {isa = PBXBuildFile; fileRef = F94894582D6CFDD3001B0122 /* CheckboxCatalog.swift */; };
		F94898282D6CFDD3001B0122 /* TimeStampCatalog.swift in Sources */ = {isa = PBXBuildFile; fileRef = F94895822D6CFDD3001B0122 /* TimeStampCatalog.swift */; };
		F94898292D6CFDD3001B0122 /* ButtonsCatalog.swift in Sources */ = {isa = PBXBuildFile; fileRef = F94894412D6CFDD3001B0122 /* ButtonsCatalog.swift */; };
		F948982A2D6CFDD3001B0122 /* DateTimeCatalog.swift in Sources */ = {isa = PBXBuildFile; fileRef = F948949C2D6CFDD3001B0122 /* DateTimeCatalog.swift */; };
		F948982B2D6CFDD3001B0122 /* DateRangeInlineCatalog.swift in Sources */ = {isa = PBXBuildFile; fileRef = F948947D2D6CFDD3001B0122 /* DateRangeInlineCatalog.swift */; };
		F948982C2D6CFDD3001B0122 /* UserCatalog.swift in Sources */ = {isa = PBXBuildFile; fileRef = F94895C22D6CFDD3001B0122 /* UserCatalog.swift */; };
		F948982D2D6CFDD3001B0122 /* TabBarCatalog.swift in Sources */ = {isa = PBXBuildFile; fileRef = F948955A2D6CFDD3001B0122 /* TabBarCatalog.swift */; };
		F948982E2D6CFDD3001B0122 /* PopoverCatalog.swift in Sources */ = {isa = PBXBuildFile; fileRef = F94895272D6CFDD3001B0122 /* PopoverCatalog.swift */; };
		F948982F2D6CFDD3001B0122 /* AvatarCatalog.swift in Sources */ = {isa = PBXBuildFile; fileRef = F948942C2D6CFDD3001B0122 /* AvatarCatalog.swift */; };
		F99BAA1E2A17F79000006C1C /* Playbook in Frameworks */ = {isa = PBXBuildFile; productRef = F99BAA1D2A17F79000006C1C /* Playbook */; };
		F9E5A68A2AA7D02C00830A0C /* ContentListView.swift in Sources */ = {isa = PBXBuildFile; fileRef = 639039862A13A496004576FF /* ContentListView.swift */; };
/* End PBXBuildFile section */

/* Begin PBXFileReference section */
		639039862A13A496004576FF /* ContentListView.swift */ = {isa = PBXFileReference; fileEncoding = 4; lastKnownFileType = sourcecode.swift; path = ContentListView.swift; sourceTree = "<group>"; };
		8F6D944D2AE98ED800AF0D15 /* Versioning.xcconfig */ = {isa = PBXFileReference; lastKnownFileType = text.xcconfig; path = Versioning.xcconfig; sourceTree = "<group>"; };
		E797E2612DB6E484008AB610 /* SkeletonLoaderCatalog.swift */ = {isa = PBXFileReference; lastKnownFileType = sourcecode.swift; path = SkeletonLoaderCatalog.swift; sourceTree = "<group>"; };
		F905151829F03B0700F9B66D /* PlaybookShowcase-iOS.app */ = {isa = PBXFileReference; explicitFileType = wrapper.application; includeInIndex = 0; path = "PlaybookShowcase-iOS.app"; sourceTree = BUILT_PRODUCTS_DIR; };
		F905151A29F03B0700F9B66D /* PlaybookShowcaseApp.swift */ = {isa = PBXFileReference; lastKnownFileType = sourcecode.swift; path = PlaybookShowcaseApp.swift; sourceTree = "<group>"; };
		F905151E29F03B0700F9B66D /* Assets.xcassets */ = {isa = PBXFileReference; lastKnownFileType = folder.assetcatalog; path = Assets.xcassets; sourceTree = "<group>"; };
		F905152129F03B0700F9B66D /* Preview Assets.xcassets */ = {isa = PBXFileReference; lastKnownFileType = folder.assetcatalog; path = "Preview Assets.xcassets"; sourceTree = "<group>"; };
		F905154629F03B3C00F9B66D /* PlaybookShowcase-macOS.app */ = {isa = PBXFileReference; explicitFileType = wrapper.application; includeInIndex = 0; path = "PlaybookShowcase-macOS.app"; sourceTree = BUILT_PRODUCTS_DIR; };
		F905155129F03B3C00F9B66D /* PlaybookShowcase_macOS.entitlements */ = {isa = PBXFileReference; lastKnownFileType = text.plist.entitlements; path = PlaybookShowcase_macOS.entitlements; sourceTree = "<group>"; };
		F91C44852D6D0A9F00E4E9C8 /* LabelValueCatalog.swift */ = {isa = PBXFileReference; lastKnownFileType = sourcecode.swift; path = LabelValueCatalog.swift; sourceTree = "<group>"; };
		F91C44892D6D0DB300E4E9C8 /* DesignElements.swift */ = {isa = PBXFileReference; lastKnownFileType = sourcecode.swift; path = DesignElements.swift; sourceTree = "<group>"; };
		F91C448D2D6D0DE000E4E9C8 /* BorderRadiusCatalog.swift */ = {isa = PBXFileReference; lastKnownFileType = sourcecode.swift; path = BorderRadiusCatalog.swift; sourceTree = "<group>"; };
		F91C44912D6D0DE000E4E9C8 /* ColorCatalog.swift */ = {isa = PBXFileReference; lastKnownFileType = sourcecode.swift; path = ColorCatalog.swift; sourceTree = "<group>"; };
		F91C44932D6D0DE000E4E9C8 /* Iconography.swift */ = {isa = PBXFileReference; lastKnownFileType = sourcecode.swift; path = Iconography.swift; sourceTree = "<group>"; };
		F91C44992D6D0DE000E4E9C8 /* GlobalPositionCatalog.swift */ = {isa = PBXFileReference; lastKnownFileType = sourcecode.swift; path = GlobalPositionCatalog.swift; sourceTree = "<group>"; };
		F91C449B2D6D0DE000E4E9C8 /* PBShadow.swift */ = {isa = PBXFileReference; lastKnownFileType = sourcecode.swift; path = PBShadow.swift; sourceTree = "<group>"; };
		F91C449E2D6D0DE000E4E9C8 /* SpacingCatalog.swift */ = {isa = PBXFileReference; lastKnownFileType = sourcecode.swift; path = SpacingCatalog.swift; sourceTree = "<group>"; };
		F91C44A22D6D0DE000E4E9C8 /* TypographyCatalog.swift */ = {isa = PBXFileReference; lastKnownFileType = sourcecode.swift; path = TypographyCatalog.swift; sourceTree = "<group>"; };
		F91C44C62D6D313800E4E9C8 /* MasonryCatalog.swift */ = {isa = PBXFileReference; lastKnownFileType = sourcecode.swift; path = MasonryCatalog.swift; sourceTree = "<group>"; };
		F91C44C92D6D334A00E4E9C8 /* Mocks.swift */ = {isa = PBXFileReference; lastKnownFileType = sourcecode.swift; path = Mocks.swift; sourceTree = "<group>"; };
		F937100229EDCC3700FFD0DF /* PlaybookSwift */ = {isa = PBXFileReference; lastKnownFileType = wrapper; name = PlaybookSwift; path = ..; sourceTree = "<group>"; };
		F948942C2D6CFDD3001B0122 /* AvatarCatalog.swift */ = {isa = PBXFileReference; lastKnownFileType = sourcecode.swift; path = AvatarCatalog.swift; sourceTree = "<group>"; };
		F94894352D6CFDD3001B0122 /* BadgeCatalog.swift */ = {isa = PBXFileReference; lastKnownFileType = sourcecode.swift; path = BadgeCatalog.swift; sourceTree = "<group>"; };
		F94894412D6CFDD3001B0122 /* ButtonsCatalog.swift */ = {isa = PBXFileReference; lastKnownFileType = sourcecode.swift; path = ButtonsCatalog.swift; sourceTree = "<group>"; };
		F94894502D6CFDD3001B0122 /* CardCatalog.swift */ = {isa = PBXFileReference; lastKnownFileType = sourcecode.swift; path = CardCatalog.swift; sourceTree = "<group>"; };
		F94894582D6CFDD3001B0122 /* CheckboxCatalog.swift */ = {isa = PBXFileReference; lastKnownFileType = sourcecode.swift; path = CheckboxCatalog.swift; sourceTree = "<group>"; };
		F94894602D6CFDD3001B0122 /* CollapsibleCatalog.swift */ = {isa = PBXFileReference; lastKnownFileType = sourcecode.swift; path = CollapsibleCatalog.swift; sourceTree = "<group>"; };
		F94894672D6CFDD3001B0122 /* ContactCatalog.swift */ = {isa = PBXFileReference; lastKnownFileType = sourcecode.swift; path = ContactCatalog.swift; sourceTree = "<group>"; };
		F948946E2D6CFDD3001B0122 /* CurrencyCatalog.swift */ = {isa = PBXFileReference; lastKnownFileType = sourcecode.swift; path = CurrencyCatalog.swift; sourceTree = "<group>"; };
		F94894772D6CFDD3001B0122 /* DateCatalog.swift */ = {isa = PBXFileReference; lastKnownFileType = sourcecode.swift; path = DateCatalog.swift; sourceTree = "<group>"; };
		F948947D2D6CFDD3001B0122 /* DateRangeInlineCatalog.swift */ = {isa = PBXFileReference; lastKnownFileType = sourcecode.swift; path = DateRangeInlineCatalog.swift; sourceTree = "<group>"; };
		F94894832D6CFDD3001B0122 /* DateRangeStackedCatalog.swift */ = {isa = PBXFileReference; lastKnownFileType = sourcecode.swift; path = DateRangeStackedCatalog.swift; sourceTree = "<group>"; };
		F948948D2D6CFDD3001B0122 /* DateStackedCatalog.swift */ = {isa = PBXFileReference; lastKnownFileType = sourcecode.swift; path = DateStackedCatalog.swift; sourceTree = "<group>"; };
		F948949A2D6CFDD3001B0122 /* LoaderCatalog.swift */ = {isa = PBXFileReference; lastKnownFileType = sourcecode.swift; path = LoaderCatalog.swift; sourceTree = "<group>"; };
		F948949C2D6CFDD3001B0122 /* DateTimeCatalog.swift */ = {isa = PBXFileReference; lastKnownFileType = sourcecode.swift; path = DateTimeCatalog.swift; sourceTree = "<group>"; };
		F94894A22D6CFDD3001B0122 /* DateTimeStackedCatalog.swift */ = {isa = PBXFileReference; lastKnownFileType = sourcecode.swift; path = DateTimeStackedCatalog.swift; sourceTree = "<group>"; };
		F94894A82D6CFDD3001B0122 /* DateYearStackedCatalog.swift */ = {isa = PBXFileReference; lastKnownFileType = sourcecode.swift; path = DateYearStackedCatalog.swift; sourceTree = "<group>"; };
		F94894B22D6CFDD3001B0122 /* DialogCatalog.swift */ = {isa = PBXFileReference; lastKnownFileType = sourcecode.swift; path = DialogCatalog.swift; sourceTree = "<group>"; };
		F94894BD2D6CFDD3001B0122 /* ToastCatalog.swift */ = {isa = PBXFileReference; lastKnownFileType = sourcecode.swift; path = ToastCatalog.swift; sourceTree = "<group>"; };
		F94894BF2D6CFDD3001B0122 /* GridCatalog.swift */ = {isa = PBXFileReference; lastKnownFileType = sourcecode.swift; path = GridCatalog.swift; sourceTree = "<group>"; };
		F94894C52D6CFDD3001B0122 /* HighlightCatalog.swift */ = {isa = PBXFileReference; lastKnownFileType = sourcecode.swift; path = HighlightCatalog.swift; sourceTree = "<group>"; };
		F94894CE2D6CFDD3001B0122 /* HomeAddressStreetCatalog.swift */ = {isa = PBXFileReference; lastKnownFileType = sourcecode.swift; path = HomeAddressStreetCatalog.swift; sourceTree = "<group>"; };
		F94894D82D6CFDD3001B0122 /* IconCatalog.swift */ = {isa = PBXFileReference; lastKnownFileType = sourcecode.swift; path = IconCatalog.swift; sourceTree = "<group>"; };
		F94894DA2D6CFDD3001B0122 /* IconStatValueCatalog.swift */ = {isa = PBXFileReference; lastKnownFileType = sourcecode.swift; path = IconStatValueCatalog.swift; sourceTree = "<group>"; };
		F94894E12D6CFDD3001B0122 /* IconValueCatalog.swift */ = {isa = PBXFileReference; lastKnownFileType = sourcecode.swift; path = IconValueCatalog.swift; sourceTree = "<group>"; };
		F94894E92D6CFDD3001B0122 /* IconCircleCatalog.swift */ = {isa = PBXFileReference; lastKnownFileType = sourcecode.swift; path = IconCircleCatalog.swift; sourceTree = "<group>"; };
		F94894F02D6CFDD3001B0122 /* ImageCatalog.swift */ = {isa = PBXFileReference; lastKnownFileType = sourcecode.swift; path = ImageCatalog.swift; sourceTree = "<group>"; };
		F94894F22D6CFDD3001B0122 /* LabelPillCatalog.swift */ = {isa = PBXFileReference; lastKnownFileType = sourcecode.swift; path = LabelPillCatalog.swift; sourceTree = "<group>"; };
		F94894FA2D6CFDD3001B0122 /* MessageCatalog.swift */ = {isa = PBXFileReference; lastKnownFileType = sourcecode.swift; path = MessageCatalog.swift; sourceTree = "<group>"; };
		F948950D2D6CFDD3001B0122 /* NavCatalog.swift */ = {isa = PBXFileReference; lastKnownFileType = sourcecode.swift; path = NavCatalog.swift; sourceTree = "<group>"; };
		F948950F2D6CFDD3001B0122 /* OnlineStatusCatalog.swift */ = {isa = PBXFileReference; lastKnownFileType = sourcecode.swift; path = OnlineStatusCatalog.swift; sourceTree = "<group>"; };
		F94895152D6CFDD3001B0122 /* PersonCatalog.swift */ = {isa = PBXFileReference; lastKnownFileType = sourcecode.swift; path = PersonCatalog.swift; sourceTree = "<group>"; };
		F948951E2D6CFDD3001B0122 /* PersonContactCatalog.swift */ = {isa = PBXFileReference; lastKnownFileType = sourcecode.swift; path = PersonContactCatalog.swift; sourceTree = "<group>"; };
		F94895252D6CFDD3001B0122 /* PillCatalog.swift */ = {isa = PBXFileReference; lastKnownFileType = sourcecode.swift; path = PillCatalog.swift; sourceTree = "<group>"; };
		F94895272D6CFDD3001B0122 /* PopoverCatalog.swift */ = {isa = PBXFileReference; lastKnownFileType = sourcecode.swift; path = PopoverCatalog.swift; sourceTree = "<group>"; };
		F94895292D6CFDD3001B0122 /* ProgressPillCatalog.swift */ = {isa = PBXFileReference; lastKnownFileType = sourcecode.swift; path = ProgressPillCatalog.swift; sourceTree = "<group>"; };
		F948952B2D6CFDD3001B0122 /* ProgressSimpleCatalog.swift */ = {isa = PBXFileReference; lastKnownFileType = sourcecode.swift; path = ProgressSimpleCatalog.swift; sourceTree = "<group>"; };
		F948952D2D6CFDD3001B0122 /* ProgressStepCatalog.swift */ = {isa = PBXFileReference; lastKnownFileType = sourcecode.swift; path = ProgressStepCatalog.swift; sourceTree = "<group>"; };
		F948953A2D6CFDD3001B0122 /* RadioCatalog.swift */ = {isa = PBXFileReference; lastKnownFileType = sourcecode.swift; path = RadioCatalog.swift; sourceTree = "<group>"; };
		F94895442D6CFDD3001B0122 /* SectionSeparatorCatalog.swift */ = {isa = PBXFileReference; lastKnownFileType = sourcecode.swift; path = SectionSeparatorCatalog.swift; sourceTree = "<group>"; };
		F948954E2D6CFDD3001B0122 /* SelectCatalog.swift */ = {isa = PBXFileReference; lastKnownFileType = sourcecode.swift; path = SelectCatalog.swift; sourceTree = "<group>"; };
		F94895502D6CFDD3001B0122 /* SelectableCardCatalog.swift */ = {isa = PBXFileReference; lastKnownFileType = sourcecode.swift; path = SelectableCardCatalog.swift; sourceTree = "<group>"; };
		F948955A2D6CFDD3001B0122 /* TabBarCatalog.swift */ = {isa = PBXFileReference; lastKnownFileType = sourcecode.swift; path = TabBarCatalog.swift; sourceTree = "<group>"; };
		F94895632D6CFDD3001B0122 /* TextAreaCatalog.swift */ = {isa = PBXFileReference; lastKnownFileType = sourcecode.swift; path = TextAreaCatalog.swift; sourceTree = "<group>"; };
		F948956E2D6CFDD3001B0122 /* TextInputCatalog.swift */ = {isa = PBXFileReference; lastKnownFileType = sourcecode.swift; path = TextInputCatalog.swift; sourceTree = "<group>"; };
		F94895782D6CFDD3001B0122 /* TimeCatalog.swift */ = {isa = PBXFileReference; lastKnownFileType = sourcecode.swift; path = TimeCatalog.swift; sourceTree = "<group>"; };
		F94895822D6CFDD3001B0122 /* TimeStampCatalog.swift */ = {isa = PBXFileReference; lastKnownFileType = sourcecode.swift; path = TimeStampCatalog.swift; sourceTree = "<group>"; };
		F94895882D6CFDD3001B0122 /* TimeRangeInlineCatalog.swift */ = {isa = PBXFileReference; lastKnownFileType = sourcecode.swift; path = TimeRangeInlineCatalog.swift; sourceTree = "<group>"; };
		F948958E2D6CFDD3001B0122 /* TimeStackedCatalog.swift */ = {isa = PBXFileReference; lastKnownFileType = sourcecode.swift; path = TimeStackedCatalog.swift; sourceTree = "<group>"; };
		F94895952D6CFDD3001B0122 /* ToggleCatalog.swift */ = {isa = PBXFileReference; lastKnownFileType = sourcecode.swift; path = ToggleCatalog.swift; sourceTree = "<group>"; };
		F948959E2D6CFDD3001B0122 /* TooltipCatalog.swift */ = {isa = PBXFileReference; lastKnownFileType = sourcecode.swift; path = TooltipCatalog.swift; sourceTree = "<group>"; };
		F94895A12D6CFDD3001B0122 /* TypeaheadCatalog.swift */ = {isa = PBXFileReference; lastKnownFileType = sourcecode.swift; path = TypeaheadCatalog.swift; sourceTree = "<group>"; };
		F94895B22D6CFDD3001B0122 /* MultipleUsersCatalog.swift */ = {isa = PBXFileReference; lastKnownFileType = sourcecode.swift; path = MultipleUsersCatalog.swift; sourceTree = "<group>"; };
		F94895B82D6CFDD3001B0122 /* MultipleUsersIndicatorCatalog.swift */ = {isa = PBXFileReference; lastKnownFileType = sourcecode.swift; path = MultipleUsersIndicatorCatalog.swift; sourceTree = "<group>"; };
		F94895C02D6CFDD3001B0122 /* MultipleUsersStackedCatalog.swift */ = {isa = PBXFileReference; lastKnownFileType = sourcecode.swift; path = MultipleUsersStackedCatalog.swift; sourceTree = "<group>"; };
		F94895C22D6CFDD3001B0122 /* UserCatalog.swift */ = {isa = PBXFileReference; lastKnownFileType = sourcecode.swift; path = UserCatalog.swift; sourceTree = "<group>"; };
		F94895C42D6CFDD3001B0122 /* ComponentsView.swift */ = {isa = PBXFileReference; lastKnownFileType = sourcecode.swift; path = ComponentsView.swift; sourceTree = "<group>"; };
		F95597BE2ABCDC32009DA44D /* Info.plist */ = {isa = PBXFileReference; lastKnownFileType = text.plist.xml; path = Info.plist; sourceTree = "<group>"; };
/* End PBXFileReference section */

/* Begin PBXFrameworksBuildPhase section */
		F905151529F03B0700F9B66D /* Frameworks */ = {
			isa = PBXFrameworksBuildPhase;
			buildActionMask = 2147483647;
			files = (
				F905157229F03B7600F9B66D /* Playbook in Frameworks */,
			);
			runOnlyForDeploymentPostprocessing = 0;
		};
		F905154329F03B3C00F9B66D /* Frameworks */ = {
			isa = PBXFrameworksBuildPhase;
			buildActionMask = 2147483647;
			files = (
				F99BAA1E2A17F79000006C1C /* Playbook in Frameworks */,
			);
			runOnlyForDeploymentPostprocessing = 0;
		};
/* End PBXFrameworksBuildPhase section */

/* Begin PBXGroup section */
		E797E2602DB6E456008AB610 /* Skeleton Loader */ = {
			isa = PBXGroup;
			children = (
				E797E2612DB6E484008AB610 /* SkeletonLoaderCatalog.swift */,
			);
			path = "Skeleton Loader";
			sourceTree = "<group>";
		};
		F905151929F03B0700F9B66D /* PlaybookShowcase */ = {
			isa = PBXGroup;
			children = (
				F905151A29F03B0700F9B66D /* PlaybookShowcaseApp.swift */,
				639039862A13A496004576FF /* ContentListView.swift */,
				F91C44892D6D0DB300E4E9C8 /* DesignElements.swift */,
				F94895C42D6CFDD3001B0122 /* ComponentsView.swift */,
				F91C44C92D6D334A00E4E9C8 /* Mocks.swift */,
				F91C44A42D6D0DE000E4E9C8 /* Design Elements */,
				F94895C52D6CFDD3001B0122 /* Components */,
				F905151E29F03B0700F9B66D /* Assets.xcassets */,
				F905152029F03B0700F9B66D /* Preview Content */,
				F95597BE2ABCDC32009DA44D /* Info.plist */,
			);
			path = PlaybookShowcase;
			sourceTree = "<group>";
		};
		F905152029F03B0700F9B66D /* Preview Content */ = {
			isa = PBXGroup;
			children = (
				F905152129F03B0700F9B66D /* Preview Assets.xcassets */,
			);
			path = "Preview Content";
			sourceTree = "<group>";
		};
		F905154729F03B3C00F9B66D /* PlaybookShowcase-macOS */ = {
			isa = PBXGroup;
			children = (
				F905155129F03B3C00F9B66D /* PlaybookShowcase_macOS.entitlements */,
			);
			path = "PlaybookShowcase-macOS";
			sourceTree = "<group>";
		};
		F91C44862D6D0A9F00E4E9C8 /* Label Value */ = {
			isa = PBXGroup;
			children = (
				F91C44852D6D0A9F00E4E9C8 /* LabelValueCatalog.swift */,
			);
			path = "Label Value";
			sourceTree = "<group>";
		};
		F91C448E2D6D0DE000E4E9C8 /* BorderRadius */ = {
			isa = PBXGroup;
			children = (
				F91C448D2D6D0DE000E4E9C8 /* BorderRadiusCatalog.swift */,
			);
			path = BorderRadius;
			sourceTree = "<group>";
		};
		F91C44922D6D0DE000E4E9C8 /* Colors */ = {
			isa = PBXGroup;
			children = (
				F91C44912D6D0DE000E4E9C8 /* ColorCatalog.swift */,
			);
			path = Colors;
			sourceTree = "<group>";
		};
		F91C44972D6D0DE000E4E9C8 /* Iconography */ = {
			isa = PBXGroup;
			children = (
				F91C44932D6D0DE000E4E9C8 /* Iconography.swift */,
			);
			path = Iconography;
			sourceTree = "<group>";
		};
		F91C449A2D6D0DE000E4E9C8 /* Position */ = {
			isa = PBXGroup;
			children = (
				F91C44992D6D0DE000E4E9C8 /* GlobalPositionCatalog.swift */,
			);
			path = Position;
			sourceTree = "<group>";
		};
		F91C449C2D6D0DE000E4E9C8 /* Shadow */ = {
			isa = PBXGroup;
			children = (
				F91C449B2D6D0DE000E4E9C8 /* PBShadow.swift */,
			);
			path = Shadow;
			sourceTree = "<group>";
		};
		F91C449F2D6D0DE000E4E9C8 /* Spacing */ = {
			isa = PBXGroup;
			children = (
				F91C449E2D6D0DE000E4E9C8 /* SpacingCatalog.swift */,
			);
			path = Spacing;
			sourceTree = "<group>";
		};
		F91C44A32D6D0DE000E4E9C8 /* Typography */ = {
			isa = PBXGroup;
			children = (
				F91C44A22D6D0DE000E4E9C8 /* TypographyCatalog.swift */,
			);
			path = Typography;
			sourceTree = "<group>";
		};
		F91C44A42D6D0DE000E4E9C8 /* Design Elements */ = {
			isa = PBXGroup;
			children = (
				F91C448E2D6D0DE000E4E9C8 /* BorderRadius */,
				F91C44922D6D0DE000E4E9C8 /* Colors */,
				F91C44972D6D0DE000E4E9C8 /* Iconography */,
				F91C449A2D6D0DE000E4E9C8 /* Position */,
				F91C449C2D6D0DE000E4E9C8 /* Shadow */,
				F91C449F2D6D0DE000E4E9C8 /* Spacing */,
				F91C44A32D6D0DE000E4E9C8 /* Typography */,
			);
			path = "Design Elements";
			sourceTree = "<group>";
		};
		F91C44C52D6D310600E4E9C8 /* Masonry */ = {
			isa = PBXGroup;
			children = (
				F91C44C62D6D313800E4E9C8 /* MasonryCatalog.swift */,
			);
			path = Masonry;
			sourceTree = "<group>";
		};
		F9370FC929EDCC0100FFD0DF = {
			isa = PBXGroup;
			children = (
				8F6D944D2AE98ED800AF0D15 /* Versioning.xcconfig */,
				F937100029EDCC1900FFD0DF /* Packages */,
				F905151929F03B0700F9B66D /* PlaybookShowcase */,
				F905154729F03B3C00F9B66D /* PlaybookShowcase-macOS */,
				F9370FD329EDCC0100FFD0DF /* Products */,
				F9DC74EE29EDCC91002D5393 /* Frameworks */,
			);
			sourceTree = "<group>";
		};
		F9370FD329EDCC0100FFD0DF /* Products */ = {
			isa = PBXGroup;
			children = (
				F905151829F03B0700F9B66D /* PlaybookShowcase-iOS.app */,
				F905154629F03B3C00F9B66D /* PlaybookShowcase-macOS.app */,
			);
			name = Products;
			sourceTree = "<group>";
		};
		F937100029EDCC1900FFD0DF /* Packages */ = {
			isa = PBXGroup;
			children = (
				F937100229EDCC3700FFD0DF /* PlaybookSwift */,
			);
			name = Packages;
			sourceTree = "<group>";
		};
		F948942D2D6CFDD3001B0122 /* Avatar */ = {
			isa = PBXGroup;
			children = (
				F948942C2D6CFDD3001B0122 /* AvatarCatalog.swift */,
			);
			path = Avatar;
			sourceTree = "<group>";
		};
		F94894362D6CFDD3001B0122 /* Badge */ = {
			isa = PBXGroup;
			children = (
				F94894352D6CFDD3001B0122 /* BadgeCatalog.swift */,
			);
			path = Badge;
			sourceTree = "<group>";
		};
		F94894422D6CFDD3001B0122 /* Button */ = {
			isa = PBXGroup;
			children = (
				F94894412D6CFDD3001B0122 /* ButtonsCatalog.swift */,
			);
			path = Button;
			sourceTree = "<group>";
		};
		F94894512D6CFDD3001B0122 /* Card */ = {
			isa = PBXGroup;
			children = (
				F94894502D6CFDD3001B0122 /* CardCatalog.swift */,
			);
			path = Card;
			sourceTree = "<group>";
		};
		F94894592D6CFDD3001B0122 /* Checkbox */ = {
			isa = PBXGroup;
			children = (
				F94894582D6CFDD3001B0122 /* CheckboxCatalog.swift */,
			);
			path = Checkbox;
			sourceTree = "<group>";
		};
		F94894612D6CFDD3001B0122 /* Collapsible */ = {
			isa = PBXGroup;
			children = (
				F94894602D6CFDD3001B0122 /* CollapsibleCatalog.swift */,
			);
			path = Collapsible;
			sourceTree = "<group>";
		};
		F94894682D6CFDD3001B0122 /* Contact */ = {
			isa = PBXGroup;
			children = (
				F94894672D6CFDD3001B0122 /* ContactCatalog.swift */,
			);
			path = Contact;
			sourceTree = "<group>";
		};
		F948946F2D6CFDD3001B0122 /* Currency */ = {
			isa = PBXGroup;
			children = (
				F948946E2D6CFDD3001B0122 /* CurrencyCatalog.swift */,
			);
			path = Currency;
			sourceTree = "<group>";
		};
		F94894782D6CFDD3001B0122 /* Date */ = {
			isa = PBXGroup;
			children = (
				F94894772D6CFDD3001B0122 /* DateCatalog.swift */,
			);
			path = Date;
			sourceTree = "<group>";
		};
		F948947E2D6CFDD3001B0122 /* Date Range Inline */ = {
			isa = PBXGroup;
			children = (
				F948947D2D6CFDD3001B0122 /* DateRangeInlineCatalog.swift */,
			);
			path = "Date Range Inline";
			sourceTree = "<group>";
		};
		F94894842D6CFDD3001B0122 /* Date Range Stacked */ = {
			isa = PBXGroup;
			children = (
				F94894832D6CFDD3001B0122 /* DateRangeStackedCatalog.swift */,
			);
			path = "Date Range Stacked";
			sourceTree = "<group>";
		};
		F948948E2D6CFDD3001B0122 /* Date Stacked */ = {
			isa = PBXGroup;
			children = (
				F948948D2D6CFDD3001B0122 /* DateStackedCatalog.swift */,
			);
			path = "Date Stacked";
			sourceTree = "<group>";
		};
		F948949B2D6CFDD3001B0122 /* Loader */ = {
			isa = PBXGroup;
			children = (
				F948949A2D6CFDD3001B0122 /* LoaderCatalog.swift */,
			);
			path = Loader;
			sourceTree = "<group>";
		};
		F948949D2D6CFDD3001B0122 /* Date Time */ = {
			isa = PBXGroup;
			children = (
				F948949C2D6CFDD3001B0122 /* DateTimeCatalog.swift */,
			);
			path = "Date Time";
			sourceTree = "<group>";
		};
		F94894A32D6CFDD3001B0122 /* Date Time Stacked */ = {
			isa = PBXGroup;
			children = (
				F94894A22D6CFDD3001B0122 /* DateTimeStackedCatalog.swift */,
			);
			path = "Date Time Stacked";
			sourceTree = "<group>";
		};
		F94894A92D6CFDD3001B0122 /* Date Year Stacked */ = {
			isa = PBXGroup;
			children = (
				F94894A82D6CFDD3001B0122 /* DateYearStackedCatalog.swift */,
			);
			path = "Date Year Stacked";
			sourceTree = "<group>";
		};
		F94894B32D6CFDD3001B0122 /* Dialog */ = {
			isa = PBXGroup;
			children = (
				F94894B22D6CFDD3001B0122 /* DialogCatalog.swift */,
			);
			path = Dialog;
			sourceTree = "<group>";
		};
		F94894BE2D6CFDD3001B0122 /* Fixed Confirmation Toast */ = {
			isa = PBXGroup;
			children = (
				F94894BD2D6CFDD3001B0122 /* ToastCatalog.swift */,
			);
			path = "Fixed Confirmation Toast";
			sourceTree = "<group>";
		};
		F94894C02D6CFDD3001B0122 /* Grid */ = {
			isa = PBXGroup;
			children = (
				F94894BF2D6CFDD3001B0122 /* GridCatalog.swift */,
			);
			path = Grid;
			sourceTree = "<group>";
		};
		F94894C62D6CFDD3001B0122 /* Highlight */ = {
			isa = PBXGroup;
			children = (
				F94894C52D6CFDD3001B0122 /* HighlightCatalog.swift */,
			);
			path = Highlight;
			sourceTree = "<group>";
		};
		F94894CF2D6CFDD3001B0122 /* Home Address Street */ = {
			isa = PBXGroup;
			children = (
				F94894CE2D6CFDD3001B0122 /* HomeAddressStreetCatalog.swift */,
			);
			path = "Home Address Street";
			sourceTree = "<group>";
		};
		F94894D92D6CFDD3001B0122 /* Icon */ = {
			isa = PBXGroup;
			children = (
				F94894D82D6CFDD3001B0122 /* IconCatalog.swift */,
			);
			path = Icon;
			sourceTree = "<group>";
		};
		F94894DB2D6CFDD3001B0122 /* Icon Stat Value */ = {
			isa = PBXGroup;
			children = (
				F94894DA2D6CFDD3001B0122 /* IconStatValueCatalog.swift */,
			);
			path = "Icon Stat Value";
			sourceTree = "<group>";
		};
		F94894E22D6CFDD3001B0122 /* Icon Value */ = {
			isa = PBXGroup;
			children = (
				F94894E12D6CFDD3001B0122 /* IconValueCatalog.swift */,
			);
			path = "Icon Value";
			sourceTree = "<group>";
		};
		F94894EA2D6CFDD3001B0122 /* IconCircle */ = {
			isa = PBXGroup;
			children = (
				F94894E92D6CFDD3001B0122 /* IconCircleCatalog.swift */,
			);
			path = IconCircle;
			sourceTree = "<group>";
		};
		F94894F12D6CFDD3001B0122 /* Image */ = {
			isa = PBXGroup;
			children = (
				F94894F02D6CFDD3001B0122 /* ImageCatalog.swift */,
			);
			path = Image;
			sourceTree = "<group>";
		};
		F94894F32D6CFDD3001B0122 /* Label Pill */ = {
			isa = PBXGroup;
			children = (
				F94894F22D6CFDD3001B0122 /* LabelPillCatalog.swift */,
			);
			path = "Label Pill";
			sourceTree = "<group>";
		};
		F94894FB2D6CFDD3001B0122 /* Message */ = {
			isa = PBXGroup;
			children = (
				F94894FA2D6CFDD3001B0122 /* MessageCatalog.swift */,
			);
			path = Message;
			sourceTree = "<group>";
		};
		F948950E2D6CFDD3001B0122 /* Nav */ = {
			isa = PBXGroup;
			children = (
				F948950D2D6CFDD3001B0122 /* NavCatalog.swift */,
			);
			path = Nav;
			sourceTree = "<group>";
		};
		F94895102D6CFDD3001B0122 /* Online Status */ = {
			isa = PBXGroup;
			children = (
				F948950F2D6CFDD3001B0122 /* OnlineStatusCatalog.swift */,
			);
			path = "Online Status";
			sourceTree = "<group>";
		};
		F94895162D6CFDD3001B0122 /* Person */ = {
			isa = PBXGroup;
			children = (
				F94895152D6CFDD3001B0122 /* PersonCatalog.swift */,
			);
			path = Person;
			sourceTree = "<group>";
		};
		F948951F2D6CFDD3001B0122 /* Person Contact */ = {
			isa = PBXGroup;
			children = (
				F948951E2D6CFDD3001B0122 /* PersonContactCatalog.swift */,
			);
			path = "Person Contact";
			sourceTree = "<group>";
		};
		F94895262D6CFDD3001B0122 /* Pill */ = {
			isa = PBXGroup;
			children = (
				F94895252D6CFDD3001B0122 /* PillCatalog.swift */,
			);
			path = Pill;
			sourceTree = "<group>";
		};
		F94895282D6CFDD3001B0122 /* Popover */ = {
			isa = PBXGroup;
			children = (
				F94895272D6CFDD3001B0122 /* PopoverCatalog.swift */,
			);
			path = Popover;
			sourceTree = "<group>";
		};
		F948952A2D6CFDD3001B0122 /* Progress Pill */ = {
			isa = PBXGroup;
			children = (
				F94895292D6CFDD3001B0122 /* ProgressPillCatalog.swift */,
			);
			path = "Progress Pill";
			sourceTree = "<group>";
		};
		F948952C2D6CFDD3001B0122 /* Progress Simple */ = {
			isa = PBXGroup;
			children = (
				F948952B2D6CFDD3001B0122 /* ProgressSimpleCatalog.swift */,
			);
			path = "Progress Simple";
			sourceTree = "<group>";
		};
		F948952E2D6CFDD3001B0122 /* Progress Step */ = {
			isa = PBXGroup;
			children = (
				F948952D2D6CFDD3001B0122 /* ProgressStepCatalog.swift */,
			);
			path = "Progress Step";
			sourceTree = "<group>";
		};
		F948953B2D6CFDD3001B0122 /* Radio */ = {
			isa = PBXGroup;
			children = (
				F948953A2D6CFDD3001B0122 /* RadioCatalog.swift */,
			);
			path = Radio;
			sourceTree = "<group>";
		};
		F94895452D6CFDD3001B0122 /* Section Separator */ = {
			isa = PBXGroup;
			children = (
				F94895442D6CFDD3001B0122 /* SectionSeparatorCatalog.swift */,
			);
			path = "Section Separator";
			sourceTree = "<group>";
		};
		F948954F2D6CFDD3001B0122 /* Select */ = {
			isa = PBXGroup;
			children = (
				F948954E2D6CFDD3001B0122 /* SelectCatalog.swift */,
			);
			path = Select;
			sourceTree = "<group>";
		};
		F94895512D6CFDD3001B0122 /* Selectable Card */ = {
			isa = PBXGroup;
			children = (
				F94895502D6CFDD3001B0122 /* SelectableCardCatalog.swift */,
			);
			path = "Selectable Card";
			sourceTree = "<group>";
		};
		F948955B2D6CFDD3001B0122 /* Tab Bar */ = {
			isa = PBXGroup;
			children = (
				F948955A2D6CFDD3001B0122 /* TabBarCatalog.swift */,
			);
			path = "Tab Bar";
			sourceTree = "<group>";
		};
		F94895642D6CFDD3001B0122 /* Text Area */ = {
			isa = PBXGroup;
			children = (
				F94895632D6CFDD3001B0122 /* TextAreaCatalog.swift */,
			);
			path = "Text Area";
			sourceTree = "<group>";
		};
		F948956F2D6CFDD3001B0122 /* Text Input */ = {
			isa = PBXGroup;
			children = (
				F948956E2D6CFDD3001B0122 /* TextInputCatalog.swift */,
			);
			path = "Text Input";
			sourceTree = "<group>";
		};
		F94895792D6CFDD3001B0122 /* Time */ = {
			isa = PBXGroup;
			children = (
				F94895782D6CFDD3001B0122 /* TimeCatalog.swift */,
			);
			path = Time;
			sourceTree = "<group>";
		};
		F94895832D6CFDD3001B0122 /* Time And Date */ = {
			isa = PBXGroup;
			children = (
				F94895822D6CFDD3001B0122 /* TimeStampCatalog.swift */,
			);
			path = "Time And Date";
			sourceTree = "<group>";
		};
		F94895892D6CFDD3001B0122 /* Time Range Inline */ = {
			isa = PBXGroup;
			children = (
				F94895882D6CFDD3001B0122 /* TimeRangeInlineCatalog.swift */,
			);
			path = "Time Range Inline";
			sourceTree = "<group>";
		};
		F948958F2D6CFDD3001B0122 /* Time Stacked */ = {
			isa = PBXGroup;
			children = (
				F948958E2D6CFDD3001B0122 /* TimeStackedCatalog.swift */,
			);
			path = "Time Stacked";
			sourceTree = "<group>";
		};
		F94895962D6CFDD3001B0122 /* Toggle */ = {
			isa = PBXGroup;
			children = (
				F94895952D6CFDD3001B0122 /* ToggleCatalog.swift */,
			);
			path = Toggle;
			sourceTree = "<group>";
		};
		F948959F2D6CFDD3001B0122 /* Tooltip */ = {
			isa = PBXGroup;
			children = (
				F948959E2D6CFDD3001B0122 /* TooltipCatalog.swift */,
			);
			path = Tooltip;
			sourceTree = "<group>";
		};
		F94895A22D6CFDD3001B0122 /* Typeahead */ = {
			isa = PBXGroup;
			children = (
				F94895A12D6CFDD3001B0122 /* TypeaheadCatalog.swift */,
			);
			path = Typeahead;
			sourceTree = "<group>";
		};
		F94895B32D6CFDD3001B0122 /* Multiple Users */ = {
			isa = PBXGroup;
			children = (
				F94895B22D6CFDD3001B0122 /* MultipleUsersCatalog.swift */,
			);
			path = "Multiple Users";
			sourceTree = "<group>";
		};
		F94895B92D6CFDD3001B0122 /* Multiple Users Indicator */ = {
			isa = PBXGroup;
			children = (
				F94895B82D6CFDD3001B0122 /* MultipleUsersIndicatorCatalog.swift */,
			);
			path = "Multiple Users Indicator";
			sourceTree = "<group>";
		};
		F94895C12D6CFDD3001B0122 /* Multiple Users Stacked */ = {
			isa = PBXGroup;
			children = (
				F94895C02D6CFDD3001B0122 /* MultipleUsersStackedCatalog.swift */,
			);
			path = "Multiple Users Stacked";
			sourceTree = "<group>";
		};
		F94895C32D6CFDD3001B0122 /* User */ = {
			isa = PBXGroup;
			children = (
				F94895B32D6CFDD3001B0122 /* Multiple Users */,
				F94895B92D6CFDD3001B0122 /* Multiple Users Indicator */,
				F94895C12D6CFDD3001B0122 /* Multiple Users Stacked */,
				F94895C22D6CFDD3001B0122 /* UserCatalog.swift */,
			);
			path = User;
			sourceTree = "<group>";
		};
		F94895C52D6CFDD3001B0122 /* Components */ = {
			isa = PBXGroup;
			children = (
				F948942D2D6CFDD3001B0122 /* Avatar */,
				F94894362D6CFDD3001B0122 /* Badge */,
				F94894422D6CFDD3001B0122 /* Button */,
				F94894512D6CFDD3001B0122 /* Card */,
				F94894592D6CFDD3001B0122 /* Checkbox */,
				F94894612D6CFDD3001B0122 /* Collapsible */,
				F94894682D6CFDD3001B0122 /* Contact */,
				F948946F2D6CFDD3001B0122 /* Currency */,
				F94894782D6CFDD3001B0122 /* Date */,
				F948947E2D6CFDD3001B0122 /* Date Range Inline */,
				F94894842D6CFDD3001B0122 /* Date Range Stacked */,
				F948948E2D6CFDD3001B0122 /* Date Stacked */,
				F948949D2D6CFDD3001B0122 /* Date Time */,
				F94894A32D6CFDD3001B0122 /* Date Time Stacked */,
				F94894A92D6CFDD3001B0122 /* Date Year Stacked */,
				F94894B32D6CFDD3001B0122 /* Dialog */,
				F94894BE2D6CFDD3001B0122 /* Fixed Confirmation Toast */,
				F94894C02D6CFDD3001B0122 /* Grid */,
				F94894C62D6CFDD3001B0122 /* Highlight */,
				F94894CF2D6CFDD3001B0122 /* Home Address Street */,
				F94894D92D6CFDD3001B0122 /* Icon */,
				F94894DB2D6CFDD3001B0122 /* Icon Stat Value */,
				F94894E22D6CFDD3001B0122 /* Icon Value */,
				F94894EA2D6CFDD3001B0122 /* IconCircle */,
				F94894F12D6CFDD3001B0122 /* Image */,
				F94894F32D6CFDD3001B0122 /* Label Pill */,
				F91C44862D6D0A9F00E4E9C8 /* Label Value */,
				F91C44C52D6D310600E4E9C8 /* Masonry */,
				F94894FB2D6CFDD3001B0122 /* Message */,
				F948950E2D6CFDD3001B0122 /* Nav */,
				F94895102D6CFDD3001B0122 /* Online Status */,
				F94895162D6CFDD3001B0122 /* Person */,
				F948951F2D6CFDD3001B0122 /* Person Contact */,
				F94895262D6CFDD3001B0122 /* Pill */,
				F94895282D6CFDD3001B0122 /* Popover */,
				F948952A2D6CFDD3001B0122 /* Progress Pill */,
				F948952C2D6CFDD3001B0122 /* Progress Simple */,
				F948952E2D6CFDD3001B0122 /* Progress Step */,
				F948953B2D6CFDD3001B0122 /* Radio */,
				F94895452D6CFDD3001B0122 /* Section Separator */,
				F948954F2D6CFDD3001B0122 /* Select */,
				F94895512D6CFDD3001B0122 /* Selectable Card */,
				E797E2602DB6E456008AB610 /* Skeleton Loader */,
				F948955B2D6CFDD3001B0122 /* Tab Bar */,
				F94895642D6CFDD3001B0122 /* Text Area */,
				F948956F2D6CFDD3001B0122 /* Text Input */,
				F94895792D6CFDD3001B0122 /* Time */,
				F94895832D6CFDD3001B0122 /* Time And Date */,
				F94895892D6CFDD3001B0122 /* Time Range Inline */,
				F948958F2D6CFDD3001B0122 /* Time Stacked */,
				F94895962D6CFDD3001B0122 /* Toggle */,
				F948959F2D6CFDD3001B0122 /* Tooltip */,
				F94895A22D6CFDD3001B0122 /* Typeahead */,
				F94895C32D6CFDD3001B0122 /* User */,
				F948949B2D6CFDD3001B0122 /* Loader */,
			);
			path = Components;
			sourceTree = "<group>";
		};
		F9DC74EE29EDCC91002D5393 /* Frameworks */ = {
			isa = PBXGroup;
			children = (
			);
			name = Frameworks;
			sourceTree = "<group>";
		};
/* End PBXGroup section */

/* Begin PBXNativeTarget section */
		F905151729F03B0700F9B66D /* PlaybookShowcase-iOS */ = {
			isa = PBXNativeTarget;
			buildConfigurationList = F905153F29F03B0800F9B66D /* Build configuration list for PBXNativeTarget "PlaybookShowcase-iOS" */;
			buildPhases = (
				F905151429F03B0700F9B66D /* Sources */,
				F905151529F03B0700F9B66D /* Frameworks */,
				F905151629F03B0700F9B66D /* Resources */,
				F943570629F05E8C0051C650 /* ShellScript */,
			);
			buildRules = (
			);
			dependencies = (
				F94356FB29F0474D0051C650 /* PBXTargetDependency */,
			);
			name = "PlaybookShowcase-iOS";
			packageProductDependencies = (
				F905157129F03B7600F9B66D /* Playbook */,
			);
			productName = "PlaybookShowcase-iOS";
			productReference = F905151829F03B0700F9B66D /* PlaybookShowcase-iOS.app */;
			productType = "com.apple.product-type.application";
		};
		F905154529F03B3C00F9B66D /* PlaybookShowcase-macOS */ = {
			isa = PBXNativeTarget;
			buildConfigurationList = F905156829F03B3D00F9B66D /* Build configuration list for PBXNativeTarget "PlaybookShowcase-macOS" */;
			buildPhases = (
				F905154229F03B3C00F9B66D /* Sources */,
				F905154329F03B3C00F9B66D /* Frameworks */,
				F905154429F03B3C00F9B66D /* Resources */,
			);
			buildRules = (
			);
			dependencies = (
			);
			name = "PlaybookShowcase-macOS";
			packageProductDependencies = (
				F99BAA1D2A17F79000006C1C /* Playbook */,
			);
			productName = "PlaybookShowcase-macOS";
			productReference = F905154629F03B3C00F9B66D /* PlaybookShowcase-macOS.app */;
			productType = "com.apple.product-type.application";
		};
/* End PBXNativeTarget section */

/* Begin PBXProject section */
		F9370FCA29EDCC0100FFD0DF /* Project object */ = {
			isa = PBXProject;
			attributes = {
				BuildIndependentTargetsInParallel = 1;
				LastSwiftUpdateCheck = 1430;
				LastUpgradeCheck = 1430;
				TargetAttributes = {
					F905151729F03B0700F9B66D = {
						CreatedOnToolsVersion = 14.3;
					};
					F905154529F03B3C00F9B66D = {
						CreatedOnToolsVersion = 14.3;
					};
				};
			};
			buildConfigurationList = F9370FCD29EDCC0100FFD0DF /* Build configuration list for PBXProject "PlaybookShowcase" */;
			compatibilityVersion = "Xcode 14.0";
			developmentRegion = en;
			hasScannedForEncodings = 0;
			knownRegions = (
				en,
				Base,
			);
			mainGroup = F9370FC929EDCC0100FFD0DF;
			packageReferences = (
			);
			productRefGroup = F9370FD329EDCC0100FFD0DF /* Products */;
			projectDirPath = "";
			projectRoot = "";
			targets = (
				F905151729F03B0700F9B66D /* PlaybookShowcase-iOS */,
				F905154529F03B3C00F9B66D /* PlaybookShowcase-macOS */,
			);
		};
/* End PBXProject section */

/* Begin PBXResourcesBuildPhase section */
		F905151629F03B0700F9B66D /* Resources */ = {
			isa = PBXResourcesBuildPhase;
			buildActionMask = 2147483647;
			files = (
				8F6D944E2AE98ED800AF0D15 /* Versioning.xcconfig in Resources */,
				F905152229F03B0700F9B66D /* Preview Assets.xcassets in Resources */,
				F905151F29F03B0700F9B66D /* Assets.xcassets in Resources */,
			);
			runOnlyForDeploymentPostprocessing = 0;
		};
		F905154429F03B3C00F9B66D /* Resources */ = {
			isa = PBXResourcesBuildPhase;
			buildActionMask = 2147483647;
			files = (
				8F6D944F2AE98ED800AF0D15 /* Versioning.xcconfig in Resources */,
				F943570A29F070F10051C650 /* Preview Assets.xcassets in Resources */,
				F943570929F070E90051C650 /* Assets.xcassets in Resources */,
			);
			runOnlyForDeploymentPostprocessing = 0;
		};
/* End PBXResourcesBuildPhase section */

/* Begin PBXShellScriptBuildPhase section */
		F943570629F05E8C0051C650 /* ShellScript */ = {
			isa = PBXShellScriptBuildPhase;
			alwaysOutOfDate = 1;
			buildActionMask = 12;
			files = (
			);
			inputFileListPaths = (
			);
			inputPaths = (
			);
			outputFileListPaths = (
			);
			outputPaths = (
			);
			runOnlyForDeploymentPostprocessing = 0;
			shellPath = /bin/sh;
			shellScript = "if [[ \"$(uname -m)\" == arm64 ]]; then\n    export PATH=\"/opt/homebrew/bin:$PATH\"\nfi\n\nif which swiftlint > /dev/null; then\n  swiftlint\nelse\n  echo \"warning: SwiftLint not installed, download from https://github.com/realm/SwiftLint\"\nfi\n";
		};
/* End PBXShellScriptBuildPhase section */

/* Begin PBXSourcesBuildPhase section */
		F905151429F03B0700F9B66D /* Sources */ = {
			isa = PBXSourcesBuildPhase;
			buildActionMask = 2147483647;
			files = (
				F905151B29F03B0700F9B66D /* PlaybookShowcaseApp.swift in Sources */,
				F94897F82D6CFDD3001B0122 /* ProgressPillCatalog.swift in Sources */,
				F94897F92D6CFDD3001B0122 /* MultipleUsersStackedCatalog.swift in Sources */,
				F91C44C82D6D313800E4E9C8 /* MasonryCatalog.swift in Sources */,
				F94897FA2D6CFDD3001B0122 /* SectionSeparatorCatalog.swift in Sources */,
				F94897FB2D6CFDD3001B0122 /* TypeaheadCatalog.swift in Sources */,
				F94897FC2D6CFDD3001B0122 /* HighlightCatalog.swift in Sources */,
				F94897FD2D6CFDD3001B0122 /* DateRangeStackedCatalog.swift in Sources */,
				F94897FE2D6CFDD3001B0122 /* DialogCatalog.swift in Sources */,
				F94897FF2D6CFDD3001B0122 /* ToggleCatalog.swift in Sources */,
				F94898002D6CFDD3001B0122 /* IconCircleCatalog.swift in Sources */,
				F94898012D6CFDD3001B0122 /* TimeRangeInlineCatalog.swift in Sources */,
				F94898022D6CFDD3001B0122 /* MultipleUsersCatalog.swift in Sources */,
				F94898032D6CFDD3001B0122 /* PersonCatalog.swift in Sources */,
				F94898042D6CFDD3001B0122 /* NavCatalog.swift in Sources */,
				F94898052D6CFDD3001B0122 /* MultipleUsersIndicatorCatalog.swift in Sources */,
				F94898062D6CFDD3001B0122 /* PersonContactCatalog.swift in Sources */,
				F94898072D6CFDD3001B0122 /* IconCatalog.swift in Sources */,
				F94898082D6CFDD3001B0122 /* ProgressStepCatalog.swift in Sources */,
				F94898092D6CFDD3001B0122 /* RadioCatalog.swift in Sources */,
				F948980A2D6CFDD3001B0122 /* SelectCatalog.swift in Sources */,
				F948980B2D6CFDD3001B0122 /* TextAreaCatalog.swift in Sources */,
				F948980C2D6CFDD3001B0122 /* CardCatalog.swift in Sources */,
				F91C44CB2D6D334A00E4E9C8 /* Mocks.swift in Sources */,
				F948980D2D6CFDD3001B0122 /* ContactCatalog.swift in Sources */,
				F948980E2D6CFDD3001B0122 /* HomeAddressStreetCatalog.swift in Sources */,
				F948980F2D6CFDD3001B0122 /* TextInputCatalog.swift in Sources */,
				F94898102D6CFDD3001B0122 /* DateYearStackedCatalog.swift in Sources */,
				F94898112D6CFDD3001B0122 /* TimeCatalog.swift in Sources */,
				F91C44872D6D0A9F00E4E9C8 /* LabelValueCatalog.swift in Sources */,
				F94898122D6CFDD3001B0122 /* ToastCatalog.swift in Sources */,
				F94898132D6CFDD3001B0122 /* MessageCatalog.swift in Sources */,
				F94898142D6CFDD3001B0122 /* TimeStackedCatalog.swift in Sources */,
				F94898152D6CFDD3001B0122 /* GridCatalog.swift in Sources */,
				F94898162D6CFDD3001B0122 /* LoaderCatalog.swift in Sources */,
				F94898172D6CFDD3001B0122 /* TooltipCatalog.swift in Sources */,
				F94898182D6CFDD3001B0122 /* LabelPillCatalog.swift in Sources */,
				F94898192D6CFDD3001B0122 /* IconStatValueCatalog.swift in Sources */,
				E797E2622DB6E484008AB610 /* SkeletonLoaderCatalog.swift in Sources */,
				F948981A2D6CFDD3001B0122 /* ProgressSimpleCatalog.swift in Sources */,
				F948981B2D6CFDD3001B0122 /* DateCatalog.swift in Sources */,
				F91C448B2D6D0DB300E4E9C8 /* DesignElements.swift in Sources */,
				F948981C2D6CFDD3001B0122 /* PillCatalog.swift in Sources */,
				F948981D2D6CFDD3001B0122 /* ImageCatalog.swift in Sources */,
				F948981E2D6CFDD3001B0122 /* DateTimeStackedCatalog.swift in Sources */,
				F948981F2D6CFDD3001B0122 /* CurrencyCatalog.swift in Sources */,
				F94898202D6CFDD3001B0122 /* DateStackedCatalog.swift in Sources */,
				F94898212D6CFDD3001B0122 /* CollapsibleCatalog.swift in Sources */,
				F94898222D6CFDD3001B0122 /* BadgeCatalog.swift in Sources */,
				F94898232D6CFDD3001B0122 /* OnlineStatusCatalog.swift in Sources */,
				F94898242D6CFDD3001B0122 /* ComponentsView.swift in Sources */,
				F94898252D6CFDD3001B0122 /* SelectableCardCatalog.swift in Sources */,
				F94898262D6CFDD3001B0122 /* IconValueCatalog.swift in Sources */,
				F94898272D6CFDD3001B0122 /* CheckboxCatalog.swift in Sources */,
				F91C44B92D6D0DE000E4E9C8 /* TypographyCatalog.swift in Sources */,
				F91C44BA2D6D0DE000E4E9C8 /* ColorCatalog.swift in Sources */,
				F91C44BB2D6D0DE000E4E9C8 /* Iconography.swift in Sources */,
				F91C44BD2D6D0DE000E4E9C8 /* PBShadow.swift in Sources */,
				F91C44C12D6D0DE000E4E9C8 /* BorderRadiusCatalog.swift in Sources */,
				F91C44C22D6D0DE000E4E9C8 /* SpacingCatalog.swift in Sources */,
				F91C44C32D6D0DE000E4E9C8 /* GlobalPositionCatalog.swift in Sources */,
				F94898282D6CFDD3001B0122 /* TimeStampCatalog.swift in Sources */,
				F94898292D6CFDD3001B0122 /* ButtonsCatalog.swift in Sources */,
				F948982A2D6CFDD3001B0122 /* DateTimeCatalog.swift in Sources */,
				F948982B2D6CFDD3001B0122 /* DateRangeInlineCatalog.swift in Sources */,
				F948982C2D6CFDD3001B0122 /* UserCatalog.swift in Sources */,
				F948982D2D6CFDD3001B0122 /* TabBarCatalog.swift in Sources */,
				F948982E2D6CFDD3001B0122 /* PopoverCatalog.swift in Sources */,
				F948982F2D6CFDD3001B0122 /* AvatarCatalog.swift in Sources */,
				639039872A13A496004576FF /* ContentListView.swift in Sources */,
			);
			runOnlyForDeploymentPostprocessing = 0;
		};
		F905154229F03B3C00F9B66D /* Sources */ = {
			isa = PBXSourcesBuildPhase;
			buildActionMask = 2147483647;
			files = (
				F9E5A68A2AA7D02C00830A0C /* ContentListView.swift in Sources */,
				F94895C62D6CFDD3001B0122 /* ProgressPillCatalog.swift in Sources */,
				F94895C72D6CFDD3001B0122 /* MultipleUsersStackedCatalog.swift in Sources */,
				F91C44C72D6D313800E4E9C8 /* MasonryCatalog.swift in Sources */,
				F94895C82D6CFDD3001B0122 /* SectionSeparatorCatalog.swift in Sources */,
				F94895C92D6CFDD3001B0122 /* TypeaheadCatalog.swift in Sources */,
				F94895CA2D6CFDD3001B0122 /* HighlightCatalog.swift in Sources */,
				F94895CB2D6CFDD3001B0122 /* DateRangeStackedCatalog.swift in Sources */,
				F94895CC2D6CFDD3001B0122 /* DialogCatalog.swift in Sources */,
				F94895CD2D6CFDD3001B0122 /* ToggleCatalog.swift in Sources */,
				F94895CE2D6CFDD3001B0122 /* IconCircleCatalog.swift in Sources */,
				F94895CF2D6CFDD3001B0122 /* TimeRangeInlineCatalog.swift in Sources */,
				F94895D02D6CFDD3001B0122 /* MultipleUsersCatalog.swift in Sources */,
				F94895D12D6CFDD3001B0122 /* PersonCatalog.swift in Sources */,
				F94895D22D6CFDD3001B0122 /* NavCatalog.swift in Sources */,
				F94895D32D6CFDD3001B0122 /* MultipleUsersIndicatorCatalog.swift in Sources */,
				F94895D42D6CFDD3001B0122 /* PersonContactCatalog.swift in Sources */,
				F94895D52D6CFDD3001B0122 /* IconCatalog.swift in Sources */,
				F94895D62D6CFDD3001B0122 /* ProgressStepCatalog.swift in Sources */,
				F94895D72D6CFDD3001B0122 /* RadioCatalog.swift in Sources */,
				F94895D82D6CFDD3001B0122 /* SelectCatalog.swift in Sources */,
				F94895D92D6CFDD3001B0122 /* TextAreaCatalog.swift in Sources */,
				F94895DA2D6CFDD3001B0122 /* CardCatalog.swift in Sources */,
				F91C44CA2D6D334A00E4E9C8 /* Mocks.swift in Sources */,
				F94895DB2D6CFDD3001B0122 /* ContactCatalog.swift in Sources */,
				F94895DC2D6CFDD3001B0122 /* HomeAddressStreetCatalog.swift in Sources */,
				F94895DD2D6CFDD3001B0122 /* TextInputCatalog.swift in Sources */,
				F94895DE2D6CFDD3001B0122 /* DateYearStackedCatalog.swift in Sources */,
				F94895DF2D6CFDD3001B0122 /* TimeCatalog.swift in Sources */,
				F91C44882D6D0A9F00E4E9C8 /* LabelValueCatalog.swift in Sources */,
				F94895E02D6CFDD3001B0122 /* ToastCatalog.swift in Sources */,
				F94895E12D6CFDD3001B0122 /* MessageCatalog.swift in Sources */,
				F94895E22D6CFDD3001B0122 /* TimeStackedCatalog.swift in Sources */,
				F94895E32D6CFDD3001B0122 /* GridCatalog.swift in Sources */,
				F94895E42D6CFDD3001B0122 /* LoaderCatalog.swift in Sources */,
				F94895E52D6CFDD3001B0122 /* TooltipCatalog.swift in Sources */,
				F94895E62D6CFDD3001B0122 /* LabelPillCatalog.swift in Sources */,
				F94895E72D6CFDD3001B0122 /* IconStatValueCatalog.swift in Sources */,
				E797E2632DB6E484008AB610 /* SkeletonLoaderCatalog.swift in Sources */,
				F94895E82D6CFDD3001B0122 /* ProgressSimpleCatalog.swift in Sources */,
				F94895E92D6CFDD3001B0122 /* DateCatalog.swift in Sources */,
				F91C448A2D6D0DB300E4E9C8 /* DesignElements.swift in Sources */,
				F94895EA2D6CFDD3001B0122 /* PillCatalog.swift in Sources */,
				F94895EB2D6CFDD3001B0122 /* ImageCatalog.swift in Sources */,
				F94895EC2D6CFDD3001B0122 /* DateTimeStackedCatalog.swift in Sources */,
				F94895ED2D6CFDD3001B0122 /* CurrencyCatalog.swift in Sources */,
				F94895EE2D6CFDD3001B0122 /* DateStackedCatalog.swift in Sources */,
				F94895EF2D6CFDD3001B0122 /* CollapsibleCatalog.swift in Sources */,
				F94895F02D6CFDD3001B0122 /* BadgeCatalog.swift in Sources */,
				F94895F12D6CFDD3001B0122 /* OnlineStatusCatalog.swift in Sources */,
				F94895F22D6CFDD3001B0122 /* ComponentsView.swift in Sources */,
				F94895F32D6CFDD3001B0122 /* SelectableCardCatalog.swift in Sources */,
				F94895F42D6CFDD3001B0122 /* IconValueCatalog.swift in Sources */,
				F94895F52D6CFDD3001B0122 /* CheckboxCatalog.swift in Sources */,
				F91C44A82D6D0DE000E4E9C8 /* TypographyCatalog.swift in Sources */,
				F91C44A92D6D0DE000E4E9C8 /* ColorCatalog.swift in Sources */,
				F91C44AA2D6D0DE000E4E9C8 /* Iconography.swift in Sources */,
				F91C44AC2D6D0DE000E4E9C8 /* PBShadow.swift in Sources */,
				F91C44B02D6D0DE000E4E9C8 /* BorderRadiusCatalog.swift in Sources */,
				F91C44B12D6D0DE000E4E9C8 /* SpacingCatalog.swift in Sources */,
				F91C44B22D6D0DE000E4E9C8 /* GlobalPositionCatalog.swift in Sources */,
				F94895F62D6CFDD3001B0122 /* TimeStampCatalog.swift in Sources */,
				F94895F72D6CFDD3001B0122 /* ButtonsCatalog.swift in Sources */,
				F94895F82D6CFDD3001B0122 /* DateTimeCatalog.swift in Sources */,
				F94895F92D6CFDD3001B0122 /* DateRangeInlineCatalog.swift in Sources */,
				F94895FA2D6CFDD3001B0122 /* UserCatalog.swift in Sources */,
				F94895FB2D6CFDD3001B0122 /* TabBarCatalog.swift in Sources */,
				F94895FC2D6CFDD3001B0122 /* PopoverCatalog.swift in Sources */,
				F94895FD2D6CFDD3001B0122 /* AvatarCatalog.swift in Sources */,
				F943570829F070960051C650 /* PlaybookShowcaseApp.swift in Sources */,
			);
			runOnlyForDeploymentPostprocessing = 0;
		};
/* End PBXSourcesBuildPhase section */

/* Begin PBXTargetDependency section */
		F94356FB29F0474D0051C650 /* PBXTargetDependency */ = {
			isa = PBXTargetDependency;
			productRef = F94356FA29F0474D0051C650 /* SwiftLintPlugin */;
		};
/* End PBXTargetDependency section */

/* Begin XCBuildConfiguration section */
		B5E69AF82D591F8A00F35C92 /* Beta */ = {
			isa = XCBuildConfiguration;
			buildSettings = {
				ALWAYS_SEARCH_USER_PATHS = NO;
				CLANG_ANALYZER_NONNULL = YES;
				CLANG_ANALYZER_NUMBER_OBJECT_CONVERSION = YES_AGGRESSIVE;
				CLANG_CXX_LANGUAGE_STANDARD = "gnu++20";
				CLANG_ENABLE_MODULES = YES;
				CLANG_ENABLE_OBJC_ARC = YES;
				CLANG_ENABLE_OBJC_WEAK = YES;
				CLANG_WARN_BLOCK_CAPTURE_AUTORELEASING = YES;
				CLANG_WARN_BOOL_CONVERSION = YES;
				CLANG_WARN_COMMA = YES;
				CLANG_WARN_CONSTANT_CONVERSION = YES;
				CLANG_WARN_DEPRECATED_OBJC_IMPLEMENTATIONS = YES;
				CLANG_WARN_DIRECT_OBJC_ISA_USAGE = YES_ERROR;
				CLANG_WARN_DOCUMENTATION_COMMENTS = YES;
				CLANG_WARN_EMPTY_BODY = YES;
				CLANG_WARN_ENUM_CONVERSION = YES;
				CLANG_WARN_INFINITE_RECURSION = YES;
				CLANG_WARN_INT_CONVERSION = YES;
				CLANG_WARN_NON_LITERAL_NULL_CONVERSION = YES;
				CLANG_WARN_OBJC_IMPLICIT_RETAIN_SELF = YES;
				CLANG_WARN_OBJC_LITERAL_CONVERSION = YES;
				CLANG_WARN_OBJC_ROOT_CLASS = YES_ERROR;
				CLANG_WARN_QUOTED_INCLUDE_IN_FRAMEWORK_HEADER = YES;
				CLANG_WARN_RANGE_LOOP_ANALYSIS = YES;
				CLANG_WARN_STRICT_PROTOTYPES = YES;
				CLANG_WARN_SUSPICIOUS_MOVE = YES;
				CLANG_WARN_UNGUARDED_AVAILABILITY = YES_AGGRESSIVE;
				CLANG_WARN_UNREACHABLE_CODE = YES;
				CLANG_WARN__DUPLICATE_METHOD_MATCH = YES;
				COPY_PHASE_STRIP = NO;
				DEBUG_INFORMATION_FORMAT = "dwarf-with-dsym";
				ENABLE_NS_ASSERTIONS = NO;
				ENABLE_STRICT_OBJC_MSGSEND = YES;
				GCC_C_LANGUAGE_STANDARD = gnu11;
				GCC_NO_COMMON_BLOCKS = YES;
				GCC_WARN_64_TO_32_BIT_CONVERSION = YES;
				GCC_WARN_ABOUT_RETURN_TYPE = YES_ERROR;
				GCC_WARN_UNDECLARED_SELECTOR = YES;
				GCC_WARN_UNINITIALIZED_AUTOS = YES_AGGRESSIVE;
				GCC_WARN_UNUSED_FUNCTION = YES;
				GCC_WARN_UNUSED_VARIABLE = YES;
				MTL_ENABLE_DEBUG_INFO = NO;
				MTL_FAST_MATH = YES;
				SWIFT_COMPILATION_MODE = wholemodule;
				SWIFT_OPTIMIZATION_LEVEL = "-O";
				VERSIONING_SYSTEM = "apple-generic";
			};
			name = Beta;
		};
		B5E69AF92D591F8A00F35C92 /* Beta */ = {
			isa = XCBuildConfiguration;
			buildSettings = {
				ASSETCATALOG_COMPILER_APPICON_NAME = AppIcon;
				ASSETCATALOG_COMPILER_GLOBAL_ACCENT_COLOR_NAME = AccentColor;
				"CODE_SIGN_IDENTITY[sdk=iphoneos*]" = "iPhone Distribution: Power Home Remodeling Group, LLC";
				CODE_SIGN_STYLE = Manual;
				CURRENT_PROJECT_VERSION = 142.2;
				DEVELOPMENT_ASSET_PATHS = "\"PlaybookShowcase/Preview Content\"";
				DEVELOPMENT_TEAM = "";
				"DEVELOPMENT_TEAM[sdk=iphoneos*]" = EG5Q7XM634;
				ENABLE_PREVIEWS = YES;
				GENERATE_INFOPLIST_FILE = YES;
				INFOPLIST_KEY_CFBundleDisplayName = Playbook;
				INFOPLIST_KEY_LSApplicationCategoryType = "public.app-category.developer-tools";
				INFOPLIST_KEY_UIApplicationSceneManifest_Generation = YES;
				INFOPLIST_KEY_UIApplicationSupportsIndirectInputEvents = YES;
				INFOPLIST_KEY_UILaunchScreen_Generation = YES;
				INFOPLIST_KEY_UISupportedInterfaceOrientations_iPad = "UIInterfaceOrientationPortrait UIInterfaceOrientationPortraitUpsideDown UIInterfaceOrientationLandscapeLeft UIInterfaceOrientationLandscapeRight";
				INFOPLIST_KEY_UISupportedInterfaceOrientations_iPhone = "UIInterfaceOrientationPortrait UIInterfaceOrientationLandscapeLeft UIInterfaceOrientationLandscapeRight";
				IPHONEOS_DEPLOYMENT_TARGET = 17.6;
				LD_RUNPATH_SEARCH_PATHS = (
					"$(inherited)",
					"@executable_path/Frameworks",
				);
				MARKETING_VERSION = 6.12.1;
				PRODUCT_BUNDLE_IDENTIFIER = com.powerhrg.PlaybookShowcase.dev;
				PRODUCT_NAME = "$(TARGET_NAME)";
				PROVISIONING_PROFILE_SPECIFIER = "Playbook Showcase App Beta";
				"PROVISIONING_PROFILE_SPECIFIER[sdk=iphoneos*]" = "Playbook Showcase App Beta";
				SDKROOT = iphoneos;
				SUPPORTED_PLATFORMS = "iphoneos iphonesimulator";
				SUPPORTS_MACCATALYST = NO;
				SUPPORTS_MAC_DESIGNED_FOR_IPHONE_IPAD = NO;
				SWIFT_EMIT_LOC_STRINGS = YES;
				SWIFT_VERSION = 5.0;
				TARGETED_DEVICE_FAMILY = "1,2";
				VALIDATE_PRODUCT = YES;
			};
			name = Beta;
		};
		B5E69AFA2D591F8A00F35C92 /* Beta */ = {
			isa = XCBuildConfiguration;
			buildSettings = {
				ASSETCATALOG_COMPILER_APPICON_NAME = AppIcon;
				ASSETCATALOG_COMPILER_GLOBAL_ACCENT_COLOR_NAME = AccentColor;
				ASSETCATALOG_COMPILER_INCLUDE_ALL_APPICON_ASSETS = YES;
				CODE_SIGN_ENTITLEMENTS = "PlaybookShowcase-macOS/PlaybookShowcase_macOS.entitlements";
				CODE_SIGN_IDENTITY = "Apple Development";
				"CODE_SIGN_IDENTITY[sdk=macosx*]" = "Developer ID Application";
				CODE_SIGN_STYLE = Manual;
				COMBINE_HIDPI_IMAGES = YES;
				CURRENT_PROJECT_VERSION = 142.2;
				DEVELOPMENT_ASSET_PATHS = "\"PlaybookShowcase/Preview Content\"";
				DEVELOPMENT_TEAM = "";
				"DEVELOPMENT_TEAM[sdk=macosx*]" = EG5Q7XM634;
				ENABLE_HARDENED_RUNTIME = YES;
				ENABLE_PREVIEWS = YES;
				GENERATE_INFOPLIST_FILE = YES;
				INFOPLIST_KEY_CFBundleDisplayName = Playbook;
				INFOPLIST_KEY_LSApplicationCategoryType = "public.app-category.developer-tools";
				INFOPLIST_KEY_NSHumanReadableCopyright = "";
				LD_RUNPATH_SEARCH_PATHS = (
					"$(inherited)",
					"@executable_path/../Frameworks",
				);
				MACOSX_DEPLOYMENT_TARGET = 14.6;
				MARKETING_VERSION = 6.12.1;
				PRODUCT_BUNDLE_IDENTIFIER = com.powerhrg.PlaybookShowcase.dev;
				PRODUCT_NAME = "$(TARGET_NAME)";
				PROVISIONING_PROFILE_SPECIFIER = "Playbook Showcase Beta Dev ID";
				"PROVISIONING_PROFILE_SPECIFIER[sdk=macosx*]" = "Playbook Showcase Beta Dev ID";
				SDKROOT = macosx;
				SWIFT_EMIT_LOC_STRINGS = YES;
				SWIFT_VERSION = 5.0;
			};
			name = Beta;
		};
		F905153929F03B0800F9B66D /* Debug */ = {
			isa = XCBuildConfiguration;
			buildSettings = {
				ASSETCATALOG_COMPILER_APPICON_NAME = AppIcon;
				ASSETCATALOG_COMPILER_GLOBAL_ACCENT_COLOR_NAME = AccentColor;
				CODE_SIGN_STYLE = Automatic;
				CURRENT_PROJECT_VERSION = 142.2;
				DEVELOPMENT_ASSET_PATHS = "\"PlaybookShowcase/Preview Content\"";
				DEVELOPMENT_TEAM = EG5Q7XM634;
				ENABLE_PREVIEWS = YES;
				GENERATE_INFOPLIST_FILE = YES;
				INFOPLIST_KEY_CFBundleDisplayName = Playbook;
				INFOPLIST_KEY_LSApplicationCategoryType = "public.app-category.developer-tools";
				INFOPLIST_KEY_UIApplicationSceneManifest_Generation = YES;
				INFOPLIST_KEY_UIApplicationSupportsIndirectInputEvents = YES;
				INFOPLIST_KEY_UILaunchScreen_Generation = YES;
				INFOPLIST_KEY_UISupportedInterfaceOrientations_iPad = "UIInterfaceOrientationPortrait UIInterfaceOrientationPortraitUpsideDown UIInterfaceOrientationLandscapeLeft UIInterfaceOrientationLandscapeRight";
				INFOPLIST_KEY_UISupportedInterfaceOrientations_iPhone = "UIInterfaceOrientationPortrait UIInterfaceOrientationLandscapeLeft UIInterfaceOrientationLandscapeRight";
				IPHONEOS_DEPLOYMENT_TARGET = 17.6;
				LD_RUNPATH_SEARCH_PATHS = (
					"$(inherited)",
					"@executable_path/Frameworks",
				);
				MARKETING_VERSION = 6.12.1;
				PRODUCT_BUNDLE_IDENTIFIER = com.powerhrg.PlaybookShowcase.dev;
				PRODUCT_NAME = "$(TARGET_NAME)";
				SDKROOT = iphoneos;
				SUPPORTED_PLATFORMS = "iphoneos iphonesimulator";
				SUPPORTS_MACCATALYST = NO;
				SUPPORTS_MAC_DESIGNED_FOR_IPHONE_IPAD = NO;
				SWIFT_EMIT_LOC_STRINGS = YES;
				SWIFT_VERSION = 5.0;
				TARGETED_DEVICE_FAMILY = "1,2";
			};
			name = Debug;
		};
		F905153A29F03B0800F9B66D /* Release */ = {
			isa = XCBuildConfiguration;
			buildSettings = {
				ASSETCATALOG_COMPILER_APPICON_NAME = AppIcon;
				ASSETCATALOG_COMPILER_GLOBAL_ACCENT_COLOR_NAME = AccentColor;
				"CODE_SIGN_IDENTITY[sdk=iphoneos*]" = "iPhone Distribution: Power Home Remodeling Group, LLC";
				CODE_SIGN_STYLE = Manual;
				CURRENT_PROJECT_VERSION = 142.2;
				DEVELOPMENT_ASSET_PATHS = "\"PlaybookShowcase/Preview Content\"";
				DEVELOPMENT_TEAM = "";
				"DEVELOPMENT_TEAM[sdk=iphoneos*]" = EG5Q7XM634;
				ENABLE_PREVIEWS = YES;
				GENERATE_INFOPLIST_FILE = YES;
				INFOPLIST_KEY_CFBundleDisplayName = Playbook;
				INFOPLIST_KEY_LSApplicationCategoryType = "public.app-category.developer-tools";
				INFOPLIST_KEY_UIApplicationSceneManifest_Generation = YES;
				INFOPLIST_KEY_UIApplicationSupportsIndirectInputEvents = YES;
				INFOPLIST_KEY_UILaunchScreen_Generation = YES;
				INFOPLIST_KEY_UISupportedInterfaceOrientations_iPad = "UIInterfaceOrientationPortrait UIInterfaceOrientationPortraitUpsideDown UIInterfaceOrientationLandscapeLeft UIInterfaceOrientationLandscapeRight";
				INFOPLIST_KEY_UISupportedInterfaceOrientations_iPhone = "UIInterfaceOrientationPortrait UIInterfaceOrientationLandscapeLeft UIInterfaceOrientationLandscapeRight";
				IPHONEOS_DEPLOYMENT_TARGET = 17.6;
				LD_RUNPATH_SEARCH_PATHS = (
					"$(inherited)",
					"@executable_path/Frameworks",
				);
				MARKETING_VERSION = 6.12.1;
				PRODUCT_BUNDLE_IDENTIFIER = com.powerhrg.PlaybookShowcase;
				PRODUCT_NAME = "$(TARGET_NAME)";
				PROVISIONING_PROFILE_SPECIFIER = "Playbook Showcase App";
				"PROVISIONING_PROFILE_SPECIFIER[sdk=iphoneos*]" = "Playbook Showcase App";
				SDKROOT = iphoneos;
				SUPPORTED_PLATFORMS = "iphoneos iphonesimulator";
				SUPPORTS_MACCATALYST = NO;
				SUPPORTS_MAC_DESIGNED_FOR_IPHONE_IPAD = NO;
				SWIFT_EMIT_LOC_STRINGS = YES;
				SWIFT_VERSION = 5.0;
				TARGETED_DEVICE_FAMILY = "1,2";
				VALIDATE_PRODUCT = YES;
			};
			name = Release;
		};
		F905156929F03B3D00F9B66D /* Debug */ = {
			isa = XCBuildConfiguration;
			buildSettings = {
				ASSETCATALOG_COMPILER_APPICON_NAME = AppIcon;
				ASSETCATALOG_COMPILER_GLOBAL_ACCENT_COLOR_NAME = AccentColor;
				ASSETCATALOG_COMPILER_INCLUDE_ALL_APPICON_ASSETS = YES;
				CODE_SIGN_ENTITLEMENTS = "PlaybookShowcase-macOS/PlaybookShowcase_macOS.entitlements";
				CODE_SIGN_IDENTITY = "Apple Development";
				CODE_SIGN_STYLE = Automatic;
				COMBINE_HIDPI_IMAGES = YES;
				CURRENT_PROJECT_VERSION = 142.2;
				DEVELOPMENT_ASSET_PATHS = "\"PlaybookShowcase/Preview Content\"";
				DEVELOPMENT_TEAM = EG5Q7XM634;
				ENABLE_HARDENED_RUNTIME = YES;
				ENABLE_PREVIEWS = YES;
				GENERATE_INFOPLIST_FILE = YES;
				INFOPLIST_KEY_CFBundleDisplayName = Playbook;
				INFOPLIST_KEY_LSApplicationCategoryType = "public.app-category.developer-tools";
				INFOPLIST_KEY_NSHumanReadableCopyright = "";
				LD_RUNPATH_SEARCH_PATHS = (
					"$(inherited)",
					"@executable_path/../Frameworks",
				);
				MACOSX_DEPLOYMENT_TARGET = 14.6;
				MARKETING_VERSION = 6.12.1;
				PRODUCT_BUNDLE_IDENTIFIER = com.powerhrg.PlaybookShowcase.dev;
				PRODUCT_NAME = "$(TARGET_NAME)";
				PROVISIONING_PROFILE_SPECIFIER = "";
				SDKROOT = macosx;
				SWIFT_EMIT_LOC_STRINGS = YES;
				SWIFT_VERSION = 5.0;
			};
			name = Debug;
		};
		F905156A29F03B3D00F9B66D /* Release */ = {
			isa = XCBuildConfiguration;
			buildSettings = {
				ASSETCATALOG_COMPILER_APPICON_NAME = AppIcon;
				ASSETCATALOG_COMPILER_GLOBAL_ACCENT_COLOR_NAME = AccentColor;
				ASSETCATALOG_COMPILER_INCLUDE_ALL_APPICON_ASSETS = YES;
				CODE_SIGN_ENTITLEMENTS = "PlaybookShowcase-macOS/PlaybookShowcase_macOS.entitlements";
				"CODE_SIGN_IDENTITY[sdk=*]" = "Developer ID Application: Power Home Remodeling Group, LLC (EG5Q7XM634)";
				CODE_SIGN_STYLE = Manual;
				COMBINE_HIDPI_IMAGES = YES;
				CURRENT_PROJECT_VERSION = 142.2;
				DEVELOPMENT_ASSET_PATHS = "\"PlaybookShowcase/Preview Content\"";
				DEVELOPMENT_TEAM = EG5Q7XM634;
				"DEVELOPMENT_TEAM[sdk=macosx*]" = EG5Q7XM634;
				ENABLE_HARDENED_RUNTIME = YES;
				ENABLE_PREVIEWS = YES;
				GENERATE_INFOPLIST_FILE = YES;
				INFOPLIST_KEY_CFBundleDisplayName = Playbook;
				INFOPLIST_KEY_LSApplicationCategoryType = "public.app-category.developer-tools";
				INFOPLIST_KEY_NSHumanReadableCopyright = "";
				LD_RUNPATH_SEARCH_PATHS = (
					"$(inherited)",
					"@executable_path/../Frameworks",
				);
				MACOSX_DEPLOYMENT_TARGET = 14.6;
				MARKETING_VERSION = 6.12.1;
				PRODUCT_BUNDLE_IDENTIFIER = com.powerhrg.PlaybookShowcase;
				PRODUCT_NAME = "$(TARGET_NAME)";
				PROVISIONING_PROFILE_SPECIFIER = "Playbook Showcase Dev ID";
				"PROVISIONING_PROFILE_SPECIFIER[sdk=macosx*]" = "Playbook Showcase Dev ID";
				SDKROOT = macosx;
				SWIFT_EMIT_LOC_STRINGS = YES;
				SWIFT_VERSION = 5.0;
			};
			name = Release;
		};
		F9370FF529EDCC0200FFD0DF /* Debug */ = {
			isa = XCBuildConfiguration;
			buildSettings = {
				ALWAYS_SEARCH_USER_PATHS = NO;
				CLANG_ANALYZER_NONNULL = YES;
				CLANG_ANALYZER_NUMBER_OBJECT_CONVERSION = YES_AGGRESSIVE;
				CLANG_CXX_LANGUAGE_STANDARD = "gnu++20";
				CLANG_ENABLE_MODULES = YES;
				CLANG_ENABLE_OBJC_ARC = YES;
				CLANG_ENABLE_OBJC_WEAK = YES;
				CLANG_WARN_BLOCK_CAPTURE_AUTORELEASING = YES;
				CLANG_WARN_BOOL_CONVERSION = YES;
				CLANG_WARN_COMMA = YES;
				CLANG_WARN_CONSTANT_CONVERSION = YES;
				CLANG_WARN_DEPRECATED_OBJC_IMPLEMENTATIONS = YES;
				CLANG_WARN_DIRECT_OBJC_ISA_USAGE = YES_ERROR;
				CLANG_WARN_DOCUMENTATION_COMMENTS = YES;
				CLANG_WARN_EMPTY_BODY = YES;
				CLANG_WARN_ENUM_CONVERSION = YES;
				CLANG_WARN_INFINITE_RECURSION = YES;
				CLANG_WARN_INT_CONVERSION = YES;
				CLANG_WARN_NON_LITERAL_NULL_CONVERSION = YES;
				CLANG_WARN_OBJC_IMPLICIT_RETAIN_SELF = YES;
				CLANG_WARN_OBJC_LITERAL_CONVERSION = YES;
				CLANG_WARN_OBJC_ROOT_CLASS = YES_ERROR;
				CLANG_WARN_QUOTED_INCLUDE_IN_FRAMEWORK_HEADER = YES;
				CLANG_WARN_RANGE_LOOP_ANALYSIS = YES;
				CLANG_WARN_STRICT_PROTOTYPES = YES;
				CLANG_WARN_SUSPICIOUS_MOVE = YES;
				CLANG_WARN_UNGUARDED_AVAILABILITY = YES_AGGRESSIVE;
				CLANG_WARN_UNREACHABLE_CODE = YES;
				CLANG_WARN__DUPLICATE_METHOD_MATCH = YES;
				COPY_PHASE_STRIP = NO;
				DEBUG_INFORMATION_FORMAT = dwarf;
				ENABLE_STRICT_OBJC_MSGSEND = YES;
				ENABLE_TESTABILITY = YES;
				GCC_C_LANGUAGE_STANDARD = gnu11;
				GCC_DYNAMIC_NO_PIC = NO;
				GCC_NO_COMMON_BLOCKS = YES;
				GCC_OPTIMIZATION_LEVEL = 0;
				GCC_PREPROCESSOR_DEFINITIONS = (
					"DEBUG=1",
					"$(inherited)",
				);
				GCC_WARN_64_TO_32_BIT_CONVERSION = YES;
				GCC_WARN_ABOUT_RETURN_TYPE = YES_ERROR;
				GCC_WARN_UNDECLARED_SELECTOR = YES;
				GCC_WARN_UNINITIALIZED_AUTOS = YES_AGGRESSIVE;
				GCC_WARN_UNUSED_FUNCTION = YES;
				GCC_WARN_UNUSED_VARIABLE = YES;
				MTL_ENABLE_DEBUG_INFO = INCLUDE_SOURCE;
				MTL_FAST_MATH = YES;
				ONLY_ACTIVE_ARCH = YES;
				SWIFT_ACTIVE_COMPILATION_CONDITIONS = DEBUG;
				SWIFT_OPTIMIZATION_LEVEL = "-Onone";
				VERSIONING_SYSTEM = "apple-generic";
			};
			name = Debug;
		};
		F9370FF629EDCC0200FFD0DF /* Release */ = {
			isa = XCBuildConfiguration;
			buildSettings = {
				ALWAYS_SEARCH_USER_PATHS = NO;
				CLANG_ANALYZER_NONNULL = YES;
				CLANG_ANALYZER_NUMBER_OBJECT_CONVERSION = YES_AGGRESSIVE;
				CLANG_CXX_LANGUAGE_STANDARD = "gnu++20";
				CLANG_ENABLE_MODULES = YES;
				CLANG_ENABLE_OBJC_ARC = YES;
				CLANG_ENABLE_OBJC_WEAK = YES;
				CLANG_WARN_BLOCK_CAPTURE_AUTORELEASING = YES;
				CLANG_WARN_BOOL_CONVERSION = YES;
				CLANG_WARN_COMMA = YES;
				CLANG_WARN_CONSTANT_CONVERSION = YES;
				CLANG_WARN_DEPRECATED_OBJC_IMPLEMENTATIONS = YES;
				CLANG_WARN_DIRECT_OBJC_ISA_USAGE = YES_ERROR;
				CLANG_WARN_DOCUMENTATION_COMMENTS = YES;
				CLANG_WARN_EMPTY_BODY = YES;
				CLANG_WARN_ENUM_CONVERSION = YES;
				CLANG_WARN_INFINITE_RECURSION = YES;
				CLANG_WARN_INT_CONVERSION = YES;
				CLANG_WARN_NON_LITERAL_NULL_CONVERSION = YES;
				CLANG_WARN_OBJC_IMPLICIT_RETAIN_SELF = YES;
				CLANG_WARN_OBJC_LITERAL_CONVERSION = YES;
				CLANG_WARN_OBJC_ROOT_CLASS = YES_ERROR;
				CLANG_WARN_QUOTED_INCLUDE_IN_FRAMEWORK_HEADER = YES;
				CLANG_WARN_RANGE_LOOP_ANALYSIS = YES;
				CLANG_WARN_STRICT_PROTOTYPES = YES;
				CLANG_WARN_SUSPICIOUS_MOVE = YES;
				CLANG_WARN_UNGUARDED_AVAILABILITY = YES_AGGRESSIVE;
				CLANG_WARN_UNREACHABLE_CODE = YES;
				CLANG_WARN__DUPLICATE_METHOD_MATCH = YES;
				COPY_PHASE_STRIP = NO;
				DEBUG_INFORMATION_FORMAT = "dwarf-with-dsym";
				ENABLE_NS_ASSERTIONS = NO;
				ENABLE_STRICT_OBJC_MSGSEND = YES;
				GCC_C_LANGUAGE_STANDARD = gnu11;
				GCC_NO_COMMON_BLOCKS = YES;
				GCC_WARN_64_TO_32_BIT_CONVERSION = YES;
				GCC_WARN_ABOUT_RETURN_TYPE = YES_ERROR;
				GCC_WARN_UNDECLARED_SELECTOR = YES;
				GCC_WARN_UNINITIALIZED_AUTOS = YES_AGGRESSIVE;
				GCC_WARN_UNUSED_FUNCTION = YES;
				GCC_WARN_UNUSED_VARIABLE = YES;
				MTL_ENABLE_DEBUG_INFO = NO;
				MTL_FAST_MATH = YES;
				SWIFT_COMPILATION_MODE = wholemodule;
				SWIFT_OPTIMIZATION_LEVEL = "-O";
				VERSIONING_SYSTEM = "apple-generic";
			};
			name = Release;
		};
/* End XCBuildConfiguration section */

/* Begin XCConfigurationList section */
		F905153F29F03B0800F9B66D /* Build configuration list for PBXNativeTarget "PlaybookShowcase-iOS" */ = {
			isa = XCConfigurationList;
			buildConfigurations = (
				F905153929F03B0800F9B66D /* Debug */,
				F905153A29F03B0800F9B66D /* Release */,
				B5E69AF92D591F8A00F35C92 /* Beta */,
			);
			defaultConfigurationIsVisible = 0;
			defaultConfigurationName = Release;
		};
		F905156829F03B3D00F9B66D /* Build configuration list for PBXNativeTarget "PlaybookShowcase-macOS" */ = {
			isa = XCConfigurationList;
			buildConfigurations = (
				F905156929F03B3D00F9B66D /* Debug */,
				F905156A29F03B3D00F9B66D /* Release */,
				B5E69AFA2D591F8A00F35C92 /* Beta */,
			);
			defaultConfigurationIsVisible = 0;
			defaultConfigurationName = Release;
		};
		F9370FCD29EDCC0100FFD0DF /* Build configuration list for PBXProject "PlaybookShowcase" */ = {
			isa = XCConfigurationList;
			buildConfigurations = (
				F9370FF529EDCC0200FFD0DF /* Debug */,
				F9370FF629EDCC0200FFD0DF /* Release */,
				B5E69AF82D591F8A00F35C92 /* Beta */,
			);
			defaultConfigurationIsVisible = 0;
			defaultConfigurationName = Release;
		};
/* End XCConfigurationList section */

/* Begin XCSwiftPackageProductDependency section */
		F905157129F03B7600F9B66D /* Playbook */ = {
			isa = XCSwiftPackageProductDependency;
			productName = Playbook;
		};
		F94356FA29F0474D0051C650 /* SwiftLintPlugin */ = {
			isa = XCSwiftPackageProductDependency;
			productName = "plugin:SwiftLintPlugin";
		};
		F99BAA1D2A17F79000006C1C /* Playbook */ = {
			isa = XCSwiftPackageProductDependency;
			productName = Playbook;
		};
/* End XCSwiftPackageProductDependency section */
	};
	rootObject = F9370FCA29EDCC0100FFD0DF /* Project object */;
}
